#
#   To update, call `bazel run //repos/config:repos_lock.update` with the right distro set in the WORKSPACE
#
repositories:
  ament/ament_cmake:
    hash: 7f343f90844d47ef225e401e643aa46376aaeeb53d3fdb257be6e98ce75cf36c
    strip_prefix: ament_cmake-1.3.5
    type: http_archive
    url: https://github.com/ament/ament_cmake/archive/refs/tags/1.3.5.tar.gz
    version: 1.3.5
  ament/ament_index:
    hash: e66896e255653508cb2bdecd7789f8dd5a03d7d2b4a1dd37445821a5679c447c
    strip_prefix: ament_index-1.4.0
    type: http_archive
    url: https://github.com/ament/ament_index/archive/refs/tags/1.4.0.tar.gz
    version: 1.4.0
  ament/ament_lint:
    hash: 875b3261631d34082eed2f8f07386e3b64d564ba9d494288cb88d4fe09e8402b
    strip_prefix: ament_lint-0.12.8
    type: http_archive
    url: https://github.com/ament/ament_lint/archive/refs/tags/0.12.8.tar.gz
    version: 0.12.8
  ament/ament_package:
    hash: 85da59b1d067c8040b378d0bef47e32198defb5edc2e2ba251479cc24992553b
    strip_prefix: ament_package-0.14.0
    type: http_archive
    url: https://github.com/ament/ament_package/archive/refs/tags/0.14.0.tar.gz
    version: 0.14.0
  ament/google_benchmark_vendor:
    hash: 4efc38011ca059c10323281a915fb57aef368b4b2dd4a2a9f3c72507b8602ef3
    strip_prefix: google_benchmark_vendor-0.1.2
    type: http_archive
    url: https://github.com/ament/google_benchmark_vendor/archive/refs/tags/0.1.2.tar.gz
    version: 0.1.2
  ament/googletest:
    hash: e3f1f2bb6d0727ed7c8c6971c5e924a7d75fbdc22a08fdcfc0a663264ee5499b
    strip_prefix: googletest-1.10.9004
    type: http_archive
    url: https://github.com/ament/googletest/archive/refs/tags/1.10.9004.tar.gz
    version: 1.10.9004
  ament/uncrustify_vendor:
    hash: 94ce058f994f543baae20e8e78e1f12b21b5b14472a3454142329ac002de5359
    strip_prefix: uncrustify_vendor-2.0.2
    type: http_archive
    url: https://github.com/ament/uncrustify_vendor/archive/refs/tags/2.0.2.tar.gz
    version: 2.0.2
  eProsima/Fast-CDR:
    hash: ecd688ab89ff1c03b9031c314891ae60995e2e73d919b93569eb840d6e87dec2
    strip_prefix: Fast-CDR-1.0.24
    type: http_archive
    url: https://github.com/eProsima/Fast-CDR/archive/refs/tags/v1.0.24.tar.gz
    version: v1.0.24
  eProsima/Fast-DDS:
    hash: 2234b9fb7c34cc642a76bb221483f6e0839c954de8ff1b3854557e85cc8ade60
    strip_prefix: Fast-DDS-2.6.6
    type: http_archive
    url: https://github.com/eProsima/Fast-DDS/archive/refs/tags/v2.6.6.tar.gz
    version: v2.6.6
  eProsima/foonathan_memory_vendor:
    hash: 982d11615214497bd7c713f3463af27567c76bed06b9b61021bc24694fd11c4a
    strip_prefix: foonathan_memory_vendor-1.3.1
    type: http_archive
    url: https://github.com/eProsima/foonathan_memory_vendor/archive/refs/tags/v1.3.1.tar.gz
    version: v1.3.1
  eclipse-cyclonedds/cyclonedds:
    hash: bc79696209febfe66d97e7af6b11e92f9db663caf608a922b6c201b1d6a5eb62
    strip_prefix: cyclonedds-0.10.3
    type: http_archive
    url: https://github.com/eclipse-cyclonedds/cyclonedds/archive/refs/tags/0.10.3.tar.gz
    version: 0.10.3
  eclipse-iceoryx/iceoryx:
    hash: 8f391696daf2e63da9437aab8d7154371df630fc93876479f2e84c693fc1ba5a
    strip_prefix: iceoryx-2.0.3
    type: http_archive
    url: https://github.com/eclipse-iceoryx/iceoryx/archive/refs/tags/v2.0.3.tar.gz
    version: v2.0.3
  ignition/ignition_cmake2_vendor:
    hash: 5b13472e33db9c9bb631b037d1c6b0ccedfcf5e38e16157024cc641215a43b32
    strip_prefix: ignition_cmake2_vendor-0.0.2
    type: http_archive
    url: https://github.com/ignition-release/ignition_cmake2_vendor/archive/refs/tags/0.0.2.tar.gz
    version: 0.0.2
  ignition/ignition_math6_vendor:
    hash: d357a43e8265db9a9e886b01ca53cc9692c81b7e9f7d99abc99df982efd5a1be
    strip_prefix: ignition_math6_vendor-0.0.2
    type: http_archive
    url: https://github.com/ignition-release/ignition_math6_vendor/archive/refs/tags/0.0.2.tar.gz
    version: 0.0.2
  osrf/osrf_pycommon:
    hash: 1bb4f9a91c6b02fab67be27e63841bf05f49dc32970149562a0c7ea85b3a2b9c
    strip_prefix: osrf_pycommon-2.0.2
    type: http_archive
    url: https://github.com/osrf/osrf_pycommon/archive/refs/tags/2.0.2.tar.gz
    version: 2.0.2
  osrf/osrf_testing_tools_cpp:
    hash: ec2bbc8cf59e48acd858006423d0872c0950eda24efccb67a1ad47191fc47ff4
    strip_prefix: osrf_testing_tools_cpp-1.5.2
    type: http_archive
    url: https://github.com/osrf/osrf_testing_tools_cpp/archive/refs/tags/1.5.2.tar.gz
    version: 1.5.2
  ros-perception/image_common:
    hash: bf878db599ccca96e239aef428e60e58e02db32d3ddf7a62c4a2cc340aa9540a
    strip_prefix: image_common-3.1.7
    type: http_archive
    url: https://github.com/ros-perception/image_common/archive/refs/tags/3.1.7.tar.gz
    version: 3.1.7
  ros-perception/laser_geometry:
    hash: fe836029a0e960d8b2095b2cd3ce993b556fc2dd6ce73df5dfe266f90ba62017
    strip_prefix: laser_geometry-2.4.0
    type: http_archive
    url: https://github.com/ros-perception/laser_geometry/archive/refs/tags/2.4.0.tar.gz
    version: 2.4.0
  ros-planning/navigation_msgs:
    hash: 4de38585745387d0a6557c28c66cca88dd4cfdf9d2e15871669fa8ecd2657f03
    strip_prefix: navigation_msgs-2.1.0
    type: http_archive
    url: https://github.com/ros-planning/navigation_msgs/archive/refs/tags/2.1.0.tar.gz
    version: 2.1.0
  ros-tooling/keyboard_handler:
    hash: 36e64e9e1927a6026e1b45cafc4c8efd32db274bfab5da0edd273a583f3c73f4
    strip_prefix: keyboard_handler-0.0.5
    type: http_archive
    url: https://github.com/ros-tooling/keyboard_handler/archive/refs/tags/0.0.5.tar.gz
    version: 0.0.5
  ros-tooling/libstatistics_collector:
    hash: 12e9e52e2b342e471a31ad41db18e72795ac2b0faf56a54adcb74a24de630fa3
    strip_prefix: libstatistics_collector-1.3.1
    type: http_archive
    url: https://github.com/ros-tooling/libstatistics_collector/archive/refs/tags/1.3.1.tar.gz
    version: 1.3.1
  ros-visualization/interactive_markers:
    hash: 5e532f93f82e88d669d0883911d3f8d21b33f289970abd19a5cd7392a89bf69d
    strip_prefix: interactive_markers-2.3.2
    type: http_archive
    url: https://github.com/ros-visualization/interactive_markers/archive/refs/tags/2.3.2.tar.gz
    version: 2.3.2
  ros-visualization/python_qt_binding:
    hash: ec9dabfd91352830b49e4e429d7d3ec63eb733c29375d6f0c54c713af736e2c8
    strip_prefix: python_qt_binding-1.1.1
    type: http_archive
    url: https://github.com/ros-visualization/python_qt_binding/archive/refs/tags/1.1.1.tar.gz
    version: 1.1.1
  ros-visualization/qt_gui_core:
    hash: f6ac634e5ea5107f190febdc5ed0064a55b27baa201795a58066638ac5ba49e6
    strip_prefix: qt_gui_core-2.2.2
    type: http_archive
    url: https://github.com/ros-visualization/qt_gui_core/archive/refs/tags/2.2.2.tar.gz
    version: 2.2.2
  ros-visualization/rqt:
    hash: 98f199fb868e127257106fc9f292cdc23baa501d9b1e97e365f2494bc706d849
    strip_prefix: rqt-1.1.5
    type: http_archive
    url: https://github.com/ros-visualization/rqt/archive/refs/tags/1.1.5.tar.gz
    version: 1.1.5
  ros-visualization/rqt_action:
    hash: 51befe0c28ca2a02f304defb3a9c7cb7f7a5a2da9b296dce40271b5643112991
    strip_prefix: rqt_action-2.0.1
    type: http_archive
    url: https://github.com/ros-visualization/rqt_action/archive/refs/tags/2.0.1.tar.gz
    version: 2.0.1
  ros-visualization/rqt_bag:
    hash: c3bffc73d88e6cb16939a10903351ac69a819596d4c07f1bb735f42917f88cf6
    strip_prefix: rqt_bag-1.1.4
    type: http_archive
    url: https://github.com/ros-visualization/rqt_bag/archive/refs/tags/1.1.4.tar.gz
    version: 1.1.4
  ros-visualization/rqt_console:
    hash: 4f76b11a1a3d5066282d868eae0d83d288d72ea7352f7749d6ba3286dc0e414f
    strip_prefix: rqt_console-2.0.2
    type: http_archive
    url: https://github.com/ros-visualization/rqt_console/archive/refs/tags/2.0.2.tar.gz
    version: 2.0.2
  ros-visualization/rqt_graph:
    hash: b0e60900879b785e3ae9100c7749cd67f3ecfcaa6ffd16cc142ba18bfe9a0ede
    strip_prefix: rqt_graph-1.3.0
    type: http_archive
    url: https://github.com/ros-visualization/rqt_graph/archive/refs/tags/1.3.0.tar.gz
    version: 1.3.0
  ros-visualization/rqt_msg:
    hash: 42c593d6e54fc99bad734e675332d34b1d2cafd5cacea5175a5bdc2aa8455770
    strip_prefix: rqt_msg-1.2.0
    type: http_archive
    url: https://github.com/ros-visualization/rqt_msg/archive/refs/tags/1.2.0.tar.gz
    version: 1.2.0
  ros-visualization/rqt_plot:
    hash: b9e4d23892f26a75081ae999b61f2c92ee99a20f017189c40555a85790a83334
    strip_prefix: rqt_plot-1.1.2
    type: http_archive
    url: https://github.com/ros-visualization/rqt_plot/archive/refs/tags/1.1.2.tar.gz
    version: 1.1.2
  ros-visualization/rqt_publisher:
    hash: 140cdfa21eaf16e78892f56fbb5264ad1849f759b5f7716ef6289157100d2fae
    strip_prefix: rqt_publisher-1.5.0
    type: http_archive
    url: https://github.com/ros-visualization/rqt_publisher/archive/refs/tags/1.5.0.tar.gz
    version: 1.5.0
  ros-visualization/rqt_py_console:
    hash: 1cb589b7c2b6bb445eef1cbfdceedd8d517b2f9d1b8cb2f22a767d612cba40b6
    strip_prefix: rqt_py_console-1.0.2
    type: http_archive
    url: https://github.com/ros-visualization/rqt_py_console/archive/refs/tags/1.0.2.tar.gz
    version: 1.0.2
  ros-visualization/rqt_reconfigure:
    hash: b6717de7819875484319a96a46d4001b71ab9bda5716e6d12343cf2a09843b99
    strip_prefix: rqt_reconfigure-1.1.1
    type: http_archive
    url: https://github.com/ros-visualization/rqt_reconfigure/archive/refs/tags/1.1.1.tar.gz
    version: 1.1.1
  ros-visualization/rqt_service_caller:
    hash: 5e3802f444b50594f3a7dc80977286609b88a50f1ad77f9208e45911889ae825
    strip_prefix: rqt_service_caller-1.0.5
    type: http_archive
    url: https://github.com/ros-visualization/rqt_service_caller/archive/refs/tags/1.0.5.tar.gz
    version: 1.0.5
  ros-visualization/rqt_shell:
    hash: 0308be57b7e1ed81d66035c21ce37d37ab00a599c85a7667d7487b8786805987
    strip_prefix: rqt_shell-1.0.2
    type: http_archive
    url: https://github.com/ros-visualization/rqt_shell/archive/refs/tags/1.0.2.tar.gz
    version: 1.0.2
  ros-visualization/rqt_srv:
    hash: 719a48657574e2abbdf3469773d894d542c5fbe15b2d81784868979c13fbf095
    strip_prefix: rqt_srv-1.0.3
    type: http_archive
    url: https://github.com/ros-visualization/rqt_srv/archive/refs/tags/1.0.3.tar.gz
    version: 1.0.3
  ros-visualization/rqt_topic:
    hash: 8476832e52311e434b36804cec87f67c7066b17e07f5963b3f3268afabce42ca
    strip_prefix: rqt_topic-1.5.0
    type: http_archive
    url: https://github.com/ros-visualization/rqt_topic/archive/refs/tags/1.5.0.tar.gz
    version: 1.5.0
  ros-visualization/tango_icons_vendor:
    hash: 1402e81d5a34916b90b8bb30a9dd7a131b1a98df9f5754f311dfd35d32561971
    strip_prefix: tango_icons_vendor-0.1.1
    type: http_archive
    url: https://github.com/ros-visualization/tango_icons_vendor/archive/refs/tags/0.1.1.tar.gz
    version: 0.1.1
  ros/class_loader:
    hash: a85a99b93fcad7c8d9686672b8e3793200b1da9d8feab7ab3a9962e34ab1f675
    strip_prefix: class_loader-2.2.0
    type: http_archive
    url: https://github.com/ros/class_loader/archive/refs/tags/2.2.0.tar.gz
    version: 2.2.0
  ros/kdl_parser:
    hash: f28da9bd7eaa8995f4b67bc9c8321d7467043aa43e01b918aa239b8b9971bf56
    strip_prefix: kdl_parser-2.6.4
    type: http_archive
    url: https://github.com/ros/kdl_parser/archive/refs/tags/2.6.4.tar.gz
    version: 2.6.4
  ros/pluginlib:
    hash: 74188b886f9bbe7e857d21f3bb50b480e7c0e5adab97c10563dc17013600198b
    strip_prefix: pluginlib-5.1.0
    type: http_archive
    url: https://github.com/ros/pluginlib/archive/refs/tags/5.1.0.tar.gz
    version: 5.1.0
  ros/resource_retriever:
    hash: a7de4f63babcdaafa7c8af69942ce31105c763ae8a4467ed77a69b4ab80d2dc8
    strip_prefix: resource_retriever-3.1.1
    type: http_archive
    url: https://github.com/ros/resource_retriever/archive/refs/tags/3.1.1.tar.gz
    version: 3.1.1
  ros/robot_state_publisher:
    hash: f349756d8db6d6fc79dcc869acaa749175f2ad20ea74c738ed72cd1f96cd97b6
    strip_prefix: robot_state_publisher-3.0.2
    type: http_archive
    url: https://github.com/ros/robot_state_publisher/archive/refs/tags/3.0.2.tar.gz
    version: 3.0.2
  ros/ros_environment:
    hash: 4f67c3c8b91ad568aa5c02b710678f32aa7e6a01e962d4300fee2311ea31f06f
    strip_prefix: ros_environment-3.2.2
    type: http_archive
    url: https://github.com/ros/ros_environment/archive/refs/tags/3.2.2.tar.gz
    version: 3.2.2
  ros/ros_tutorials:
    hash: e87349defac08978cf47c6ae0a743b488a89195b00b1eb73a2f5fd0a74430dca
    strip_prefix: ros_tutorials-1.4.2
    type: http_archive
    url: https://github.com/ros/ros_tutorials/archive/refs/tags/1.4.2.tar.gz
    version: 1.4.2
  ros/urdfdom:
    hash: 1072b2a304295eb299ed70d99914eb2fbf8843c3257e5e51defc5dd457ee6211
    strip_prefix: urdfdom-3.0.2
    type: http_archive
    url: https://github.com/ros/urdfdom/archive/refs/tags/3.0.2.tar.gz
    version: 3.0.2
  ros/urdfdom_headers:
    hash: 1acd50b976f642de9dc0fde532eb8d77ea09f4de12ebfbd9d88b0cd2891278fd
    strip_prefix: urdfdom_headers-1.0.6
    type: http_archive
    url: https://github.com/ros/urdfdom_headers/archive/refs/tags/1.0.6.tar.gz
    version: 1.0.6
  ros2/ament_cmake_ros:
    hash: 01c778f18315ad13efd02e24200ff04f1e72359096c0967dba45e45bc479b3c6
    strip_prefix: ament_cmake_ros-0.10.0
    type: http_archive
    url: https://github.com/ros2/ament_cmake_ros/archive/refs/tags/0.10.0.tar.gz
    version: 0.10.0
  ros2/common_interfaces:
    hash: f4be9343a4c028fcf5403d90c120bca78aea1bbe2a04ae9838a7f73c347366c6
    strip_prefix: common_interfaces-4.2.3
    type: http_archive
    url: https://github.com/ros2/common_interfaces/archive/refs/tags/4.2.3.tar.gz
    version: 4.2.3
  ros2/console_bridge_vendor:
    hash: 624e5166bc495d2dcfbe1fd3e0b7c8b5ebc20429b3455b1e5673337f66aa83ad
    strip_prefix: console_bridge_vendor-1.4.1
    type: http_archive
    url: https://github.com/ros2/console_bridge_vendor/archive/refs/tags/1.4.1.tar.gz
    version: 1.4.1
  ros2/demos:
    hash: d8afc21488675cc2ac537969a560064bad5a1d6115d7d631a01c5b3eeada58f8
    strip_prefix: demos-0.20.3
    type: http_archive
    url: https://github.com/ros2/demos/archive/refs/tags/0.20.3.tar.gz
    version: 0.20.3
  ros2/eigen3_cmake_module:
    hash: 15d85f7c96fc14c48484e3d2e8484581e1077cf64d593b5e1fb4096700824b43
    strip_prefix: eigen3_cmake_module-0.1.1
    type: http_archive
    url: https://github.com/ros2/eigen3_cmake_module/archive/refs/tags/0.1.1.tar.gz
    version: 0.1.1
  ros2/example_interfaces:
    hash: 7ee9b0223529fddce6cc85ebc981edec35f594d0565399086e773530ea9d6a52
    strip_prefix: example_interfaces-0.9.3
    type: http_archive
    url: https://github.com/ros2/example_interfaces/archive/refs/tags/0.9.3.tar.gz
    version: 0.9.3
  ros2/examples:
    hash: 71c75c775964f2e1f910dac55b3429adcde04f9960afbd651a7f7a7b662c0807
    strip_prefix: examples-0.15.1
    type: http_archive
    url: https://github.com/ros2/examples/archive/refs/tags/0.15.1.tar.gz
    version: 0.15.1
  ros2/geometry2:
    hash: cdcd4596379672cd90548e0f68029d894396e018b9fa95383b09e78c08b8febb
    strip_prefix: geometry2-0.25.4
    type: http_archive
    url: https://github.com/ros2/geometry2/archive/refs/tags/0.25.4.tar.gz
    version: 0.25.4
  ros2/launch:
    hash: 41ba52c876ab4b2301406e442cd7503ae877aaa33c7f5fcf86010bf2a57db606
    strip_prefix: launch-1.0.4
    type: http_archive
    url: https://github.com/ros2/launch/archive/refs/tags/1.0.4.tar.gz
    version: 1.0.4
  ros2/launch_ros:
    hash: bd051a2f92774931714e9bf4abbeba7645f2917e818d93a6e39ec693e474a16f
    strip_prefix: launch_ros-0.19.6
    type: http_archive
    url: https://github.com/ros2/launch_ros/archive/refs/tags/0.19.6.tar.gz
    version: 0.19.6
  ros2/libyaml_vendor:
    hash: fbcd5f2921e68f1fb5eb7d44e9d3449dee3e9dba730648f919bad79aa4855cff
    strip_prefix: libyaml_vendor-1.2.2
    type: http_archive
    url: https://github.com/ros2/libyaml_vendor/archive/refs/tags/1.2.2.tar.gz
    version: 1.2.2
  ros2/message_filters:
    hash: bd86a6f099393f10f208a757abc6c2bccf8fc6f684216cffd73f67f5f23b8fd6
    strip_prefix: message_filters-4.3.3
    type: http_archive
    url: https://github.com/ros2/message_filters/archive/refs/tags/4.3.3.tar.gz
    version: 4.3.3
  ros2/mimick_vendor:
    hash: 445a326aba0796868ddf65ca4d8c6166dc27208f21f2a65440ffeea9214d195a
    strip_prefix: mimick_vendor-0.2.8
    type: http_archive
    url: https://github.com/ros2/mimick_vendor/archive/refs/tags/0.2.8.tar.gz
    version: 0.2.8
  ros2/orocos_kdl_vendor:
    hash: a315b3121d3a0761d821c15fa1a8939a65eb99073943795e56d52c08bf75ee0d
    strip_prefix: orocos_kdl_vendor-0.2.5
    type: http_archive
    url: https://github.com/ros2/orocos_kdl_vendor/archive/refs/tags/0.2.5.tar.gz
    version: 0.2.5
  ros2/performance_test_fixture:
    hash: 28d6039ef9fcc9281efce60d42c769d014a6a82f0a228d5bf887868282a2d770
    strip_prefix: performance_test_fixture-0.0.9
    type: http_archive
    url: https://github.com/ros2/performance_test_fixture/archive/refs/tags/0.0.9.tar.gz
    version: 0.0.9
  ros2/pybind11_vendor:
    hash: af7ef176068f8043800f2bcc22e97db71f592619ac17252b972dcff9e6b11c0e
    strip_prefix: pybind11_vendor-2.4.2
    type: http_archive
    url: https://github.com/ros2/pybind11_vendor/archive/refs/tags/2.4.2.tar.gz
    version: 2.4.2
  ros2/python_cmake_module:
    hash: ad29e461ee43bfd7fce0b8986abced92ba31970bc2ba8fb45f5276140e5f61f2
    strip_prefix: python_cmake_module-0.10.0
    type: http_archive
    url: https://github.com/ros2/python_cmake_module/archive/refs/tags/0.10.0.tar.gz
    version: 0.10.0
  ros2/rcl:
    hash: 00de985ff9c5ea5fee1524bccf948c32dbd0610b73297a602cc2a4c7f3a35a4a
    strip_prefix: rcl-5.3.5
    type: http_archive
    url: https://github.com/ros2/rcl/archive/refs/tags/5.3.5.tar.gz
    version: 5.3.5
  ros2/rcl_interfaces:
    hash: e267048c9f78aabed4b4be11bb028c8488127587e5065c3b3daff3550df25875
    strip_prefix: rcl_interfaces-1.2.1
    type: http_archive
    url: https://github.com/ros2/rcl_interfaces/archive/refs/tags/1.2.1.tar.gz
    version: 1.2.1
  ros2/rcl_logging:
    hash: f711a7677cb68c927650e5e9f6bbb5d013dd9ae30736209f9b70f9c6485170f6
    strip_prefix: rcl_logging-2.3.1
    type: http_archive
    url: https://github.com/ros2/rcl_logging/archive/refs/tags/2.3.1.tar.gz
    version: 2.3.1
  ros2/rclcpp:
    hash: 3308f806a2e92dbeabdda36edfff3f32e303fdc34b29088adf0d2f53cbc0bd9c
    strip_prefix: rclcpp-16.0.6
    type: http_archive
    url: https://github.com/ros2/rclcpp/archive/refs/tags/16.0.6.tar.gz
    version: 16.0.6
  ros2/rclpy:
    hash: deba02252ba279310a34e1b7f100a08c5dc189b1cf1920764547996b9c961b3f
    strip_prefix: rclpy-3.3.10
    type: http_archive
    url: https://github.com/ros2/rclpy/archive/refs/tags/3.3.10.tar.gz
    version: 3.3.10
  ros2/rcpputils:
    hash: 57524f5f0b95a55add358259b859ad44d4c7cb1ed5188d87be92eab78a765a33
    strip_prefix: rcpputils-2.4.1
    type: http_archive
    url: https://github.com/ros2/rcpputils/archive/refs/tags/2.4.1.tar.gz
    version: 2.4.1
  ros2/rcutils:
    hash: c34d9ba3c9b22810e0f0b94e11b1ae8b3b9c38e970dcc9236884727f68ef7bad
    strip_prefix: rcutils-5.1.3
    type: http_archive
    url: https://github.com/ros2/rcutils/archive/refs/tags/5.1.3.tar.gz
    version: 5.1.3
  ros2/realtime_support:
    hash: f607f0eccb647a7b20fb04538c735b09c5ca13f39943575a654fa7fc12e8b39f
    strip_prefix: realtime_support-0.13.0
    type: http_archive
    url: https://github.com/ros2/realtime_support/archive/refs/tags/0.13.0.tar.gz
    version: 0.13.0
  ros2/rmw:
    hash: 3042de743e86ca36997ecd3b3da8319e6d3853dd5366d4ae4055dd6ad38e89b3
    strip_prefix: rmw-6.1.1
    type: http_archive
    url: https://github.com/ros2/rmw/archive/refs/tags/6.1.1.tar.gz
    version: 6.1.1
  ros2/rmw_connextdds:
    hash: 262af67376298c19cb5fc23c0b285c2e21d60190ba3c48e51c4dd9944d514261
    strip_prefix: rmw_connextdds-0.11.2
    type: http_archive
    url: https://github.com/ros2/rmw_connextdds/archive/refs/tags/0.11.2.tar.gz
    version: 0.11.2
  ros2/rmw_cyclonedds:
    hash: 58ef4fe3fd18eb723906df77eb10df1e69222b451e479c6ec85426ba48e16a8a
    strip_prefix: rmw_cyclonedds-1.3.4
    type: http_archive
    url: https://github.com/ros2/rmw_cyclonedds/archive/refs/tags/1.3.4.tar.gz
    version: 1.3.4
  ros2/rmw_dds_common:
    hash: 85dd9f586d53b658e5389a388fe3d99a884ba06f567a59f9908ecb96e29132ef
    strip_prefix: rmw_dds_common-1.6.0
    type: http_archive
    url: https://github.com/ros2/rmw_dds_common/archive/refs/tags/1.6.0.tar.gz
    version: 1.6.0
  ros2/rmw_fastrtps:
    hash: 7b6976219d129a318c3a28fec50bc463e30603bd31f16208c0ef3c46a7435d09
    strip_prefix: rmw_fastrtps-6.2.4
    type: http_archive
    url: https://github.com/ros2/rmw_fastrtps/archive/refs/tags/6.2.4.tar.gz
    version: 6.2.4
  ros2/rmw_implementation:
    hash: 46067d692a9606c12132980cad8dbf00f9cac7bda358f2ce14a96c877e04aee9
    strip_prefix: rmw_implementation-2.8.2
    type: http_archive
    url: https://github.com/ros2/rmw_implementation/archive/refs/tags/2.8.2.tar.gz
    version: 2.8.2
  ros2/ros2_tracing:
    hash: 261672e689e583c90b35d97ccea90ffec649ac55a0f045da46cbc3f69b657c5a
    strip_prefix: ros2_tracing-4.1.1
    type: http_archive
    url: https://github.com/ros2/ros2_tracing/archive/refs/tags/4.1.1.tar.gz
    version: 4.1.1
  ros2/ros2cli:
    hash: dd862da3ff65ef4603377da21f5842d2775d55cbf89f04dfa6d42b70e28473bd
    strip_prefix: ros2cli-0.18.7
    type: http_archive
    url: https://github.com/ros2/ros2cli/archive/refs/tags/0.18.7.tar.gz
    version: 0.18.7
  ros2/ros2cli_common_extensions:
    hash: 5f019ebb88f214c788caedbe33257ae290a5956c5af93332c02d4e0946aaa702
    strip_prefix: ros2cli_common_extensions-0.1.1
    type: http_archive
    url: https://github.com/ros2/ros2cli_common_extensions/archive/refs/tags/0.1.1.tar.gz
    version: 0.1.1
  ros2/ros_testing:
    hash: f52dc8d48e3e525597e96e5316e882a03cbed6b2d3024699219c0afc0283a38b
    strip_prefix: ros_testing-0.4.0
    type: http_archive
    url: https://github.com/ros2/ros_testing/archive/refs/tags/0.4.0.tar.gz
    version: 0.4.0
  ros2/rosbag2:
    hash: b8f10a4bb4562651c5df50b3e787ee87e2f6b30d29afe5a9044ba8acf96bc523
    strip_prefix: rosbag2-0.15.8
    type: http_archive
    url: https://github.com/ros2/rosbag2/archive/refs/tags/0.15.8.tar.gz
    version: 0.15.8
  ros2/rosidl:
    hash: 5fef4012e2dd5d1ea6921d8bb676a95806c44f1072709b0371d75b261d8139f8
    strip_prefix: rosidl-3.1.5
    type: http_archive
    url: https://github.com/ros2/rosidl/archive/refs/tags/3.1.5.tar.gz
    version: 3.1.5
  ros2/rosidl_dds:
    hash: 5eaff06098483a0c7a54f8d998e74115e5d70b23e9c7bfff800804dcb0fb9f6a
    strip_prefix: rosidl_dds-0.8.1
    type: http_archive
    url: https://github.com/ros2/rosidl_dds/archive/refs/tags/0.8.1.tar.gz
    version: 0.8.1
  ros2/rosidl_defaults:
    hash: 3826d8df0402e2580606310fbf57b719ef8e17c460ab4f0367d2c600297fc66a
    strip_prefix: rosidl_defaults-1.2.0
    type: http_archive
    url: https://github.com/ros2/rosidl_defaults/archive/refs/tags/1.2.0.tar.gz
    version: 1.2.0
  ros2/rosidl_python:
    hash: 4bb38b6718a0c23aa6d799548c4cfd021ba320294673e75eaf3137821e1234d1
    strip_prefix: rosidl_python-0.14.4
    type: http_archive
    url: https://github.com/ros2/rosidl_python/archive/refs/tags/0.14.4.tar.gz
    version: 0.14.4
  ros2/rosidl_runtime_py:
    hash: 4006ed60e2544eb390a6231c3e7a676d1605601260417b4b207ef94424a38b26
    strip_prefix: rosidl_runtime_py-0.9.3
    type: http_archive
    url: https://github.com/ros2/rosidl_runtime_py/archive/refs/tags/0.9.3.tar.gz
    version: 0.9.3
  ros2/rosidl_typesupport:
    hash: ab4b5cbe2db3f03b2e91bc999bf618467b696bb316f91fc6002590d00cad23fd
    strip_prefix: rosidl_typesupport-2.0.1
    type: http_archive
    url: https://github.com/ros2/rosidl_typesupport/archive/refs/tags/2.0.1.tar.gz
    version: 2.0.1
  ros2/rosidl_typesupport_fastrtps:
    hash: 41deed571ab95f7d2a191af6e4536536f13266df059b0b11f6469be8e44cf304
    strip_prefix: rosidl_typesupport_fastrtps-2.2.1
    type: http_archive
    url: https://github.com/ros2/rosidl_typesupport_fastrtps/archive/refs/tags/2.2.1.tar.gz
    version: 2.2.1
  ros2/rpyutils:
    hash: f87d8c0a2b1a5c28b722f168d7170076e6d82e68c5cb31cff74f15a9fa251fb9
    strip_prefix: rpyutils-0.2.1
    type: http_archive
    url: https://github.com/ros2/rpyutils/archive/refs/tags/0.2.1.tar.gz
    version: 0.2.1
  ros2/rviz:
    hash: 77b08203c3ea781c1a43b050b3f21193ab5c54bb0179d12bf8e688eee84d8e98
    strip_prefix: rviz-11.2.8
    type: http_archive
    url: https://github.com/ros2/rviz/archive/refs/tags/11.2.8.tar.gz
    version: 11.2.8
  ros2/spdlog_vendor:
    hash: 3f9f0cbce8d6e8dd61c0f2d6462973edb16cb5c27de4f40eb5bf2a94ebb5e48f
    strip_prefix: spdlog_vendor-1.3.1
    type: http_archive
    url: https://github.com/ros2/spdlog_vendor/archive/refs/tags/1.3.1.tar.gz
    version: 1.3.1
  ros2/sros2:
    hash: b7cc3ab698e1dc4f09c45a6a14053b2c1b4cf30a9d43e1ec1718ce74d80c15cb
    strip_prefix: sros2-0.10.4
    type: http_archive
    url: https://github.com/ros2/sros2/archive/refs/tags/0.10.4.tar.gz
    version: 0.10.4
  ros2/system_tests:
    hash: d17b31af3da15aaab7ccdfd84745b2875f5979645226059acded6aef06b1f8a8
    strip_prefix: system_tests-0.12.3
    type: http_archive
    url: https://github.com/ros2/system_tests/archive/refs/tags/0.12.3.tar.gz
    version: 0.12.3
  ros2/test_interface_files:
    hash: 5f2df28f9b04e9edcef772b4d717222b098890739a49e6e0596afbf0d33ec75f
    strip_prefix: test_interface_files-0.9.1
    type: http_archive
    url: https://github.com/ros2/test_interface_files/archive/refs/tags/0.9.1.tar.gz
    version: 0.9.1
  ros2/tinyxml2_vendor:
    hash: 748a5e4d31566530e66b80c84e30e882789b9c9944c8777f19d745d184d9e411
    strip_prefix: tinyxml2_vendor-0.7.5
    type: http_archive
    url: https://github.com/ros2/tinyxml2_vendor/archive/refs/tags/0.7.5.tar.gz
    version: 0.7.5
  ros2/tinyxml_vendor:
    hash: 082e1168c25d90681a2e6973452aee4822eb6d29bc1e3ee61f31c87c82a28a33
    strip_prefix: tinyxml_vendor-0.8.3
    type: http_archive
    url: https://github.com/ros2/tinyxml_vendor/archive/refs/tags/0.8.3.tar.gz
    version: 0.8.3
  ros2/tlsf:
    hash: d4e5b0f2e06d37b7038a17b9423b06d1b63884f930af20786d4ac9d4af5a776c
    strip_prefix: tlsf-0.7.0
    type: http_archive
    url: https://github.com/ros2/tlsf/archive/refs/tags/0.7.0.tar.gz
    version: 0.7.0
  ros2/unique_identifier_msgs:
    hash: ccedcb7c2b6d927fc4f654cceab299a8cb55082953867754795c6ea2ccdd68a9
    strip_prefix: unique_identifier_msgs-2.2.1
    type: http_archive
    url: https://github.com/ros2/unique_identifier_msgs/archive/refs/tags/2.2.1.tar.gz
    version: 2.2.1
  ros2/urdf:
    hash: a762eb57dc7f60b9ada0240fd7c609f0dc5028ef0b4b65972daf91e009e52cf6
    strip_prefix: urdf-2.6.0
    type: http_archive
    url: https://github.com/ros2/urdf/archive/refs/tags/2.6.0.tar.gz
    version: 2.6.0
  ros2/yaml_cpp_vendor:
    hash: 404880afaf66890f3c3b79e83c5b433cd4be2aa01a2ce024df501f0488570842
    strip_prefix: yaml_cpp_vendor-8.0.2
    type: http_archive
    url: https://github.com/ros2/yaml_cpp_vendor/archive/refs/tags/8.0.2.tar.gz
    version: 8.0.2
