#
#   To update, call `bazel run //repos/config:repos_lock.update` with the right distro set in the WORKSPACE
#
repositories:
  ament/ament_cmake:
    hash: df62bb6bff09e39898bae0ddee2389d5b3524370
    shallow_since: 1606757242 +0000
    type: git
    url: https://github.com/ament/ament_cmake.git
    version: 0.8.3
  ament/ament_index:
    hash: 9d42ba13d7694ad8da5b1622e433e691996c4502
    shallow_since: 1571244457 -0700
    type: git
    url: https://github.com/ament/ament_index.git
    version: 0.7.2
  ament/ament_lint:
    hash: bc096819e71ae57c6740da02d1d74865ee009bb3
    shallow_since: 1607115033 -0600
    type: git
    url: https://github.com/ament/ament_lint.git
    version: 0.8.2
  ament/ament_package:
    hash: 9d245a3b2209fee71683973f1ba5e575acbf6e5a
    shallow_since: 1591381489 -0700
    type: git
    url: https://github.com/ament/ament_package.git
    version: 0.8.9
  ament/googletest:
    hash: 7e47d9759e8cd03322e5e19b451f44121dde98e2
    shallow_since: 1557357092 -0700
    type: git
    url: https://github.com/ament/googletest.git
    version: 1.8.9000
  ament/uncrustify_vendor:
    hash: 8d4f07a4bdf1c0d8a5aab3eb450d0a15de3e6f1e
    shallow_since: 1568741617 -0400
    type: git
    url: https://github.com/ament/uncrustify_vendor.git
    version: 1.3.0
  eProsima/Fast-CDR:
    hash: cc27c2490b694e97ca1bbcc169172fd63209bb90
    shallow_since: 1566903518 +0200
    type: git
    url: https://github.com/eProsima/Fast-CDR.git
    version: v1.0.11
  eProsima/Fast-DDS:
    hash: b5ae9e9c9ea7ce49c64c0ef3f6c96a3dc563b16f
    shallow_since: 1573725955 +0100
    type: git
    url: https://github.com/eProsima/Fast-DDS.git
    version: v1.9.3
  eProsima/foonathan_memory_vendor:
    hash: 017ff0bdfd2c93930bf525a01f8663a032337a14
    shallow_since: 1569302929 +0200
    type: git
    url: https://github.com/eProsima/foonathan_memory_vendor.git
    version: v0.3.0
  eclipse-cyclonedds/cyclonedds:
    hash: c261053186c455abc63ca5ac7d56c0808a59c364
    shallow_since: 1596471565 +0200
    type: git
    url: https://github.com/eclipse-cyclonedds/cyclonedds.git
    version: 0.7.0
  osrf/osrf_pycommon:
    hash: 0511d7b120048b826ff60465ba7532d332654b8c
    shallow_since: 1570737268 -0700
    type: git
    url: https://github.com/osrf/osrf_pycommon.git
    version: 0.1.9
  osrf/osrf_testing_tools_cpp:
    hash: ec743ff827473493d1437fdb0b477c6aa2fe7f17
    shallow_since: 1584498799 -0400
    type: git
    url: https://github.com/osrf/osrf_testing_tools_cpp.git
    version: 1.2.2
  ros-perception/laser_geometry:
    hash: a615644c770006e66e4a78e4ed9107be5911790f
    shallow_since: 1580948914 -0800
    type: git
    url: https://github.com/ros-perception/laser_geometry.git
    version: 2.1.1
  ros-planning/navigation_msgs:
    hash: fe880e99d993e9d4dfbf37f00d839d32994610e1
    shallow_since: 1569867654 -0500
    type: git
    url: https://github.com/ros-planning/navigation_msgs.git
    version: 2.0.2
  ros-tracing/ros2_tracing:
    hash: 5cd2298545f9c1333126db0aaefd516eae17b141
    shallow_since: 1575926311 -0800
    type: git
    url: https://gitlab.com/ros-tracing/ros2_tracing.git
    version: 0.2.12
  ros-visualization/interactive_markers:
    hash: 674d15927caf41684833ec1f843cbb03781f148a
    shallow_since: 1571889026 -0700
    type: git
    url: https://github.com/ros-visualization/interactive_markers.git
    version: 2.0.1
  ros-visualization/python_qt_binding:
    hash: 4ea84276fca25ef625e71bf1541716b17de10c71
    shallow_since: 1573609579 -0800
    type: git
    url: https://github.com/ros-visualization/python_qt_binding.git
    version: 1.0.3
  ros-visualization/qt_gui_core:
    hash: 5de77352b48ff5724e521cac19bfdfad0b7a1aa8
    shallow_since: 1569880852 -0700
    type: git
    url: https://github.com/ros-visualization/qt_gui_core.git
    version: 1.0.7
  ros-visualization/rqt:
    hash: f549803a6b3129b58e133e7fd19de7a4c1b9357f
    shallow_since: 1569885985 -0700
    type: git
    url: https://github.com/ros-visualization/rqt.git
    version: 1.0.5
  ros-visualization/rqt_action:
    hash: d6842bea658ecbcb83115c9bffe89bcf16a4b566
    shallow_since: 1551809854 -0700
    type: git
    url: https://github.com/ros-visualization/rqt_action.git
    version: 1.0.1
  ros-visualization/rqt_console:
    hash: addd6b251018aa66b4e5cc53d9c8e66d27f3eb06
    shallow_since: 1579042396 -0800
    type: git
    url: https://github.com/ros-visualization/rqt_console.git
    version: 1.1.1
  ros-visualization/rqt_graph:
    hash: 22952ef7604ed76f573cfae896c96c435203339a
    shallow_since: 1578336197 -0800
    type: git
    url: https://github.com/ros-visualization/rqt_graph.git
    version: 1.0.4
  ros-visualization/rqt_msg:
    hash: 5e9a8b02dc02039761bc5558adff130bdfb4e495
    shallow_since: 1557445337 -0700
    type: git
    url: https://github.com/ros-visualization/rqt_msg.git
    version: 1.0.2
  ros-visualization/rqt_plot:
    hash: 986a95854601f2f1774a5d14c5de22a37f7e64ba
    shallow_since: 1570132866 -0700
    type: git
    url: https://github.com/ros-visualization/rqt_plot.git
    version: 1.0.7
  ros-visualization/rqt_publisher:
    hash: 565ffc81069fe1ab53e5230d98be20cb95c6bea3
    shallow_since: 1570130261 -0700
    type: git
    url: https://github.com/ros-visualization/rqt_publisher.git
    version: 1.1.0
  ros-visualization/rqt_py_console:
    hash: 359e33589e9c0dbe9861120250a0a67d43e92503
    shallow_since: 1544572306 -0700
    type: git
    url: https://github.com/ros-visualization/rqt_py_console.git
    version: 1.0.0
  ros-visualization/rqt_reconfigure:
    hash: b5a9516b1fc365f7d2ca07991b69ea7d4585a553
    shallow_since: 1570742618 -0700
    type: git
    url: https://github.com/ros-visualization/rqt_reconfigure.git
    version: 1.0.4
  ros-visualization/rqt_service_caller:
    hash: 23a8213d750a25a555d8a4a18179063323188eb5
    shallow_since: 1559173297 -0700
    type: git
    url: https://github.com/ros-visualization/rqt_service_caller.git
    version: 1.0.3
  ros-visualization/rqt_shell:
    hash: 56d240dddecadcd546d2638362533ef99f7c4e6b
    shallow_since: 1544582027 -0700
    type: git
    url: https://github.com/ros-visualization/rqt_shell.git
    version: 1.0.0
  ros-visualization/rqt_srv:
    hash: 0126ee3040f94392ed626b489c44a25a694fc7e9
    shallow_since: 1544645384 -0700
    type: git
    url: https://github.com/ros-visualization/rqt_srv.git
    version: 1.0.1
  ros-visualization/rqt_top:
    hash: af56baacaa26c23b13d3fc9713cb269199d9b557
    shallow_since: 1544596207 -0700
    type: git
    url: https://github.com/ros-visualization/rqt_top.git
    version: 1.0.0
  ros-visualization/rqt_topic:
    hash: 2c83d5ad83322644495fc58d614dd2f07516a153
    shallow_since: 1573673433 -0800
    type: git
    url: https://github.com/ros-visualization/rqt_topic.git
    version: 1.1.0
  ros/class_loader:
    hash: a7d2aadb4be603f54ded1d4f2fcd6e7c3622a16b
    shallow_since: 1579291969 +0000
    type: git
    url: https://github.com/ros/class_loader.git
    version: 1.4.1
  ros/kdl_parser:
    hash: b3e9446f4af182fb499a07798a8b85de53677da7
    shallow_since: 1595362350 -0500
    type: git
    url: https://github.com/ros/kdl_parser.git
    version: 2.2.1
  ros/pluginlib:
    hash: 6eca7691d046a060f24bb61ab380fa30d86fe621
    shallow_since: 1607115839 -0600
    type: git
    url: https://github.com/ros/pluginlib.git
    version: 2.4.2
  ros/resource_retriever:
    hash: 6cebdc0214a71662e9e5618515ed9dea94cd91fc
    shallow_since: 1575563397 -0500
    type: git
    url: https://github.com/ros/resource_retriever.git
    version: 2.2.1
  ros/robot_state_publisher:
    hash: 772a88a4c8cf973bf4bcf36276db32b2c75a8113
    shallow_since: 1571873830 -0700
    type: git
    url: https://github.com/ros/robot_state_publisher.git
    version: 2.3.1
  ros/ros_environment:
    hash: a0f400cfdf148298431cdc0323abc0908f310c09
    shallow_since: 1571870538 -0700
    type: git
    url: https://github.com/ros/ros_environment.git
    version: 2.4.1
  ros/ros_tutorials:
    hash: 519752af99a54a466d30cb31509c346e68f54c01
    shallow_since: 1573609159 -0800
    type: git
    url: https://github.com/ros/ros_tutorials.git
    version: 1.1.0
  ros/urdfdom:
    hash: c7564771beb260fa7adaa7d584029811c40def1d
    shallow_since: 1555252035 -0700
    type: git
    url: https://github.com/ros/urdfdom.git
    version: 2.2.0
  ros/urdfdom_headers:
    hash: 00c1c9c231e46b2300d04073ad696521758fa45c
    shallow_since: 1558394923 -0700
    type: git
    url: https://github.com/ros/urdfdom_headers.git
    version: 1.0.4
  ros2/ament_cmake_ros:
    hash: e7c18f52a32e42f8847e65661d0521e5c29238c4
    shallow_since: 1569344550 -0500
    type: git
    url: https://github.com/ros2/ament_cmake_ros.git
    version: 0.8.0
  ros2/common_interfaces:
    hash: 81663c07b93889c3d0afda9b99cd5f1c7c98c1f2
    shallow_since: 1571867898 -0700
    type: git
    url: https://github.com/ros2/common_interfaces.git
    version: 0.8.1
  ros2/console_bridge_vendor:
    hash: d3be808a1b77028a152a8ee5aa56346ce32db987
    shallow_since: 1555013045 -0700
    type: git
    url: https://github.com/ros2/console_bridge_vendor.git
    version: 1.2.0
  ros2/demos:
    hash: e1453fc25f0af51abe5aa6d75f5601f4ab69395c
    shallow_since: 1574228657 -0600
    type: git
    url: https://github.com/ros2/demos.git
    version: 0.8.4
  ros2/eigen3_cmake_module:
    hash: 526c6c745da360fe78fb727aa8a1f6daa8199abd
    shallow_since: 1565307940 -0700
    type: git
    url: https://github.com/ros2/eigen3_cmake_module.git
    version: 0.1.1
  ros2/example_interfaces:
    hash: 5b118347114931620533aba142939b6a1db200bc
    shallow_since: 1559174767 -0700
    type: git
    url: https://github.com/ros2/example_interfaces.git
    version: 0.7.1
  ros2/examples:
    hash: fbab64492748a462f9850db06a905c7b3ca957be
    shallow_since: 1607118777 -0600
    type: git
    url: https://github.com/ros2/examples.git
    version: 0.8.3
  ros2/geometry2:
    hash: a5e46e55e94ffe6420fc9a586c5bf6fb6cdad900
    shallow_since: 1607116536 -0600
    type: git
    url: https://github.com/ros2/geometry2.git
    version: 0.12.6
  ros2/launch:
    hash: 50763edc072b14be1af3d44256fa5b8f2b3eab7a
    shallow_since: 1607116772 -0600
    type: git
    url: https://github.com/ros2/launch.git
    version: 0.9.7
  ros2/launch_ros:
    hash: 07497cd1f6576b7d3aff79a490016d583f9f3dcb
    shallow_since: 1607116920 -0600
    type: git
    url: https://github.com/ros2/launch_ros.git
    version: 0.9.6
  ros2/libyaml_vendor:
    hash: c69f385ebb8c971b9bdd2a87fc983c5a12b12811
    shallow_since: 1529963667 -0700
    type: git
    url: https://github.com/ros2/libyaml_vendor.git
    version: 1.0.0
  ros2/message_filters:
    hash: 0b98d58e175ad93116aedb5782ce7c88f8846f3a
    shallow_since: 1574115205 -0800
    type: git
    url: https://github.com/ros2/message_filters.git
    version: 3.2.3
  ros2/orocos_kinematics_dynamics:
    hash: 1bc436e486c489ef71ff19ef31b807306c29f3bb
    shallow_since: 1573658255 -0500
    type: git
    url: https://github.com/ros2/orocos_kinematics_dynamics.git
    version: 3.2.1
  ros2/poco_vendor:
    hash: 6610e1fb283f566047077e25f34d55040f592900
    shallow_since: 1606249257 -0800
    type: git
    url: https://github.com/ros2/poco_vendor.git
    version: 1.2.1
  ros2/python_cmake_module:
    hash: c212c5e12b7c70baacc58684bb378c0fc8e1be86
    shallow_since: 1569264636 +0000
    type: git
    url: https://github.com/ros2/python_cmake_module.git
    version: 0.8.0
  ros2/rcl:
    hash: f5c01e4e2eb5d8f7fb16321f81815cd4b6b200bd
    shallow_since: 1607116198 -0600
    type: git
    url: https://github.com/ros2/rcl.git
    version: 0.8.5
  ros2/rcl_interfaces:
    hash: 93cedce2dacd25fa4f2969d022ccbe3f2903e3fe
    shallow_since: 1569518728 -0500
    type: git
    url: https://github.com/ros2/rcl_interfaces.git
    version: 0.8.0
  ros2/rcl_logging:
    hash: 3955fc4fc37e46dc397c52cebd3e40732db1157d
    shallow_since: 1571871211 +0000
    type: git
    url: https://github.com/ros2/rcl_logging.git
    version: 0.3.3
  ros2/rclcpp:
    hash: 82202ae71f14fed3a487da90d8f4f74c07c7d1f7
    shallow_since: 1607116009 -0600
    type: git
    url: https://github.com/ros2/rclcpp.git
    version: 0.8.5
  ros2/rclpy:
    hash: 126a9dff544ca8ae82444ad45d65a12a9a6e08f3
    shallow_since: 1607119307 -0600
    type: git
    url: https://github.com/ros2/rclpy.git
    version: 0.8.5
  ros2/rcpputils:
    hash: 33e2edb1dafd9dc1952e7f219c9ceee58905b831
    shallow_since: 1573612278 -0800
    type: git
    url: https://github.com/ros2/rcpputils.git
    version: 0.2.1
  ros2/rcutils:
    hash: ef201364d5af13f74a9c368f271c762326d838be
    shallow_since: 1607117730 -0600
    type: git
    url: https://github.com/ros2/rcutils.git
    version: 0.8.5
  ros2/realtime_support:
    hash: a9534f8638d58d38c57a26fa9a97642e642d3662
    shallow_since: 1573652897 -0600
    type: git
    url: https://github.com/ros2/realtime_support.git
    version: 0.8.2
  ros2/rmw:
    hash: 813b94ddd5650444b312304ad156f3b5d9f05e39
    shallow_since: 1571879357 -0700
    type: git
    url: https://github.com/ros2/rmw.git
    version: 0.8.1
  ros2/rmw_connext:
    hash: 15609cf48bc6d76390f3de2c3a45a245fdfaa7cf
    shallow_since: 1607118481 -0600
    type: git
    url: https://github.com/ros2/rmw_connext.git
    version: 0.8.2
  ros2/rmw_cyclonedds:
    hash: 10b042d490e13ce0faf4971f92862c687cbe28f5
    shallow_since: 1600186908 -0500
    type: git
    url: https://github.com/ros2/rmw_cyclonedds.git
    version: de-0.7.0
  ros2/rmw_fastrtps:
    hash: 0f904a13c6e8b6b32a2cf263d7c4d96a40be0884
    shallow_since: 1607118401 -0600
    type: git
    url: https://github.com/ros2/rmw_fastrtps.git
    version: 0.8.2
  ros2/rmw_implementation:
    hash: bb349e334fbfb665406f090d3f1c0ac7e04404c3
    shallow_since: 1573704951 -0500
    type: git
    url: https://github.com/ros2/rmw_implementation.git
    version: 0.8.2
  ros2/rmw_opensplice:
    hash: 1213249ca15e38225b374ddcacc3e03769f0ec78
    shallow_since: 1571891055 -0500
    type: git
    url: https://github.com/ros2/rmw_opensplice.git
    version: 0.8.1
  ros2/ros1_bridge:
    hash: b5e4931cefce6cc3351b31b04b0399a6d3bacac4
    shallow_since: 1607538853 +0000
    type: git
    url: https://github.com/ros2/ros1_bridge.git
    version: 0.8.3
  ros2/ros2cli:
    hash: 5d5b855369085d02631bc5bdd6ffb7fae680eb5b
    shallow_since: 1607117614 -0600
    type: git
    url: https://github.com/ros2/ros2cli.git
    version: 0.8.8
  ros2/ros_testing:
    hash: c06a59a3826a61884f2c8cdcd8c5a66c104192be
    shallow_since: 1569529607 +0000
    type: git
    url: https://github.com/ros2/ros_testing.git
    version: 0.2.0
  ros2/rosbag2:
    hash: 2b41ea40717b9228c0b736b6ea247799a0cf369e
    shallow_since: 1574128275 -0800
    type: git
    url: https://github.com/ros2/rosbag2.git
    version: 0.2.4
  ros2/rosidl:
    hash: 5f79cdcb7830999b527c2370b4397a3cc587374a
    shallow_since: 1607117948 -0600
    type: git
    url: https://github.com/ros2/rosidl.git
    version: 0.8.3
  ros2/rosidl_dds:
    hash: e88b1d0e62a2dca0788142cf1fb266a3a3c3d7dc
    shallow_since: 1557357026 -0500
    type: git
    url: https://github.com/ros2/rosidl_dds.git
    version: 0.7.1
  ros2/rosidl_defaults:
    hash: 94a24327f83e624eff5eb45ec675a53d534b3ffb
    shallow_since: 1569521531 -0500
    type: git
    url: https://github.com/ros2/rosidl_defaults.git
    version: 0.8.0
  ros2/rosidl_python:
    hash: 7adf415f0461f1c70db0c52802895ec700569ced
    shallow_since: 1607119114 -0600
    type: git
    url: https://github.com/ros2/rosidl_python.git
    version: 0.8.2
  ros2/rosidl_runtime_py:
    hash: fc2ea02f857d6a8faa9bc7fd658220801cbf5748
    shallow_since: 1573249219 -0600
    type: git
    url: https://github.com/ros2/rosidl_runtime_py.git
    version: 0.8.2
  ros2/rosidl_typesupport:
    hash: b51759ea94bfdc58afc8831d4c847c5891d14bc3
    shallow_since: 1607118075 -0600
    type: git
    url: https://github.com/ros2/rosidl_typesupport.git
    version: 0.8.1
  ros2/rosidl_typesupport_connext:
    hash: d38c0b61db924f8c0cc3d95334463849af539cb8
    shallow_since: 1607118949 -0600
    type: git
    url: https://github.com/ros2/rosidl_typesupport_connext.git
    version: 0.8.5
  ros2/rosidl_typesupport_fastrtps:
    hash: b1d037b2f589ac78443f892d77f610a96c5f3e96
    shallow_since: 1569446233 +0000
    type: git
    url: https://github.com/ros2/rosidl_typesupport_fastrtps.git
    version: 0.8.0
  ros2/rosidl_typesupport_opensplice:
    hash: 23274d5cb4db102b153eee7366a394acb3eee38c
    shallow_since: 1570210077 -0700
    type: git
    url: https://github.com/ros2/rosidl_typesupport_opensplice.git
    version: 0.8.1
  ros2/rviz:
    hash: bd652f5e87d4cfad30bdc5457ab61c4286e8c85e
    shallow_since: 1606942491 +0000
    type: git
    url: https://github.com/ros2/rviz.git
    version: 7.0.7
  ros2/spdlog_vendor:
    hash: d78e5c8fa8cf87d0db0056e752b292f316e17929
    shallow_since: 1570123657 +0000
    type: git
    url: https://github.com/ros2/spdlog_vendor.git
    version: 1.0.1
  ros2/sros2:
    hash: aa15b4addd9a3b7c3fa45f82ad71407965fdb897
    shallow_since: 1592334052 +0200
    type: git
    url: https://github.com/ros2/sros2.git
    version: 0.8.2
  ros2/system_tests:
    hash: 1a54cb2a6c554ca89ff5a00af412cd552b84e243
    shallow_since: 1574294136 -0600
    type: git
    url: https://github.com/ros2/system_tests.git
    version: 0.8.0
  ros2/test_interface_files:
    hash: c4d710e3394ad09a71a257f5490688653fb441b3
    shallow_since: 1569343508 -0500
    type: git
    url: https://github.com/ros2/test_interface_files.git
    version: 0.8.0
  ros2/tinydir_vendor:
    hash: 9f1c63bc38b2928946fcc427a404faa4cacaeebb
    shallow_since: 1573612773 -0800
    type: git
    url: https://github.com/ros2/tinydir_vendor.git
    version: 1.1.1
  ros2/tinyxml2_vendor:
    hash: d0097aa9a8c2aa5990773dd81eb8b20d13d9fcf0
    shallow_since: 1547593812 -0800
    type: git
    url: https://github.com/ros2/tinyxml2_vendor.git
    version: 0.6.1
  ros2/tinyxml_vendor:
    hash: 3caa00bc33a5462e91eb5d44486ca3be4feaf62d
    shallow_since: 1554995391 -0700
    type: git
    url: https://github.com/ros2/tinyxml_vendor.git
    version: 0.7.0
  ros2/tlsf:
    hash: 1c4a13c3f76f79ce9f2a049a8b01cafbff775d4d
    shallow_since: 1529976968 +0000
    type: git
    url: https://github.com/ros2/tlsf.git
    version: 0.5.0
  ros2/unique_identifier_msgs:
    hash: 56c6f47aec363d47c66add1bb597db6cdaffc5d0
    shallow_since: 1587859523 -0700
    type: git
    url: https://github.com/ros2/unique_identifier_msgs.git
    version: 2.1.1
  ros2/urdf:
    hash: 9704679cf21e5b233df420f0cfb6dffab1741c42
    shallow_since: 1542738402 -0800
    type: git
    url: https://github.com/ros2/urdf.git
    version: 2.2.0
  ros2/yaml_cpp_vendor:
    hash: 54feb9dfcf88c6925ee16aed4d5d7eda1eea946c
    shallow_since: 1568908683 -0500
    type: git
    url: https://github.com/ros2/yaml_cpp_vendor.git
    version: 7.0.0
