#
#   To update, call `bazel run //repos/config:repos_lock.update` with the right distro set in the WORKSPACE
#
repositories:
  ament/ament_cmake:
    hash: d75c029777ea4146728eba1947d390710020ee16
    shallow_since: 1606242243 -0800
    type: git
    url: https://github.com/ament/ament_cmake.git
    version: 0.7.6
  ament/ament_index:
    hash: 9d42ba13d7694ad8da5b1622e433e691996c4502
    shallow_since: 1571244457 -0700
    type: git
    url: https://github.com/ament/ament_index.git
    version: 0.7.2
  ament/ament_lint:
    hash: 0e725355914d44bb23ef0c34c045334b008a32dd
    shallow_since: 1594438323 -0400
    type: git
    url: https://github.com/ament/ament_lint.git
    version: 0.7.12
  ament/ament_package:
    hash: 68cb3ea4ad5009c2594eb835c34592e610cef975
    shallow_since: 1570825093 -0400
    type: git
    url: https://github.com/ament/ament_package.git
    version: 0.7.3
  ament/googletest:
    hash: 7e47d9759e8cd03322e5e19b451f44121dde98e2
    shallow_since: 1557357092 -0700
    type: git
    url: https://github.com/ament/googletest.git
    version: 1.8.9000
  ament/uncrustify_vendor:
    hash: 1d03dbdd78548289036d5c46d2a18b4c5a186456
    shallow_since: 1554990000 -0700
    type: git
    url: https://github.com/ament/uncrustify_vendor.git
    version: 1.2.0
  eProsima/Fast-CDR:
    hash: 174f6ff1d3a227c5c900a4587ee32fa888267f5e
    shallow_since: 1585310200 +0100
    type: git
    url: https://github.com/eProsima/Fast-CDR.git
    version: v1.0.13
  eProsima/Fast-RTPS:
    hash: 155087f6a3d445892e05d25a2e360513537457d6
    shallow_since: 1585322312 +0100
    type: git
    url: https://github.com/eProsima/Fast-DDS.git
    version: v1.8.4
  eclipse-cyclonedds/cyclonedds:
    hash: c261053186c455abc63ca5ac7d56c0808a59c364
    shallow_since: 1596471565 +0200
    type: git
    url: https://github.com/eclipse-cyclonedds/cyclonedds.git
    version: 0.7.0
  osrf/osrf_pycommon:
    hash: 0511d7b120048b826ff60465ba7532d332654b8c
    shallow_since: 1570737268 -0700
    type: git
    url: https://github.com/osrf/osrf_pycommon.git
    version: 0.1.9
  osrf/osrf_testing_tools_cpp:
    hash: a34bcc9e5bccc789f94933f9d2f967baf60d5e58
    shallow_since: 1606246952 -0800
    type: git
    url: https://github.com/osrf/osrf_testing_tools_cpp.git
    version: 1.2.3
  ros-perception/laser_geometry:
    hash: ed2c9b548c77c7c373ef139ac0b40b0645a749fc
    shallow_since: 1530153917 -0700
    type: git
    url: https://github.com/ros-perception/laser_geometry.git
    version: 2.0.0
  ros-planning/navigation_msgs:
    hash: fe880e99d993e9d4dfbf37f00d839d32994610e1
    shallow_since: 1569867654 -0500
    type: git
    url: https://github.com/ros-planning/navigation_msgs.git
    version: 2.0.2
  ros-visualization/python_qt_binding:
    hash: a64b4929b3b5620c9785e9505c19e4e00a66c813
    shallow_since: 1569879255 -0700
    type: git
    url: https://github.com/ros-visualization/python_qt_binding.git
    version: 1.0.2
  ros-visualization/qt_gui_core:
    hash: 004e25a5a118e9695d8fe4694b61200cc1e14b06
    shallow_since: 1590536933 -0700
    type: git
    url: https://github.com/ros-visualization/qt_gui_core.git
    version: 1.0.9
  ros-visualization/rqt:
    hash: d06bacf1b5d7c356189a5f35e3dc0e20bd30643c
    shallow_since: 1612568901 -0800
    type: git
    url: https://github.com/ros-visualization/rqt.git
    version: 1.0.7
  ros-visualization/rqt_console:
    hash: addd6b251018aa66b4e5cc53d9c8e66d27f3eb06
    shallow_since: 1579042396 -0800
    type: git
    url: https://github.com/ros-visualization/rqt_console.git
    version: 1.1.1
  ros-visualization/rqt_graph:
    hash: 874d7927cea0bfe721511ec403edd572e4363452
    shallow_since: 1600463827 -0700
    type: git
    url: https://github.com/ros-visualization/rqt_graph.git
    version: 1.0.5
  ros-visualization/rqt_msg:
    hash: 5e9a8b02dc02039761bc5558adff130bdfb4e495
    shallow_since: 1557445337 -0700
    type: git
    url: https://github.com/ros-visualization/rqt_msg.git
    version: 1.0.2
  ros-visualization/rqt_plot:
    hash: 986a95854601f2f1774a5d14c5de22a37f7e64ba
    shallow_since: 1570132866 -0700
    type: git
    url: https://github.com/ros-visualization/rqt_plot.git
    version: 1.0.7
  ros-visualization/rqt_publisher:
    hash: 565ffc81069fe1ab53e5230d98be20cb95c6bea3
    shallow_since: 1570130261 -0700
    type: git
    url: https://github.com/ros-visualization/rqt_publisher.git
    version: 1.1.0
  ros-visualization/rqt_py_console:
    hash: 359e33589e9c0dbe9861120250a0a67d43e92503
    shallow_since: 1544572306 -0700
    type: git
    url: https://github.com/ros-visualization/rqt_py_console.git
    version: 1.0.0
  ros-visualization/rqt_service_caller:
    hash: 23a8213d750a25a555d8a4a18179063323188eb5
    shallow_since: 1559173297 -0700
    type: git
    url: https://github.com/ros-visualization/rqt_service_caller.git
    version: 1.0.3
  ros-visualization/rqt_shell:
    hash: 56d240dddecadcd546d2638362533ef99f7c4e6b
    shallow_since: 1544582027 -0700
    type: git
    url: https://github.com/ros-visualization/rqt_shell.git
    version: 1.0.0
  ros-visualization/rqt_srv:
    hash: 0126ee3040f94392ed626b489c44a25a694fc7e9
    shallow_since: 1544645384 -0700
    type: git
    url: https://github.com/ros-visualization/rqt_srv.git
    version: 1.0.1
  ros-visualization/rqt_top:
    hash: af56baacaa26c23b13d3fc9713cb269199d9b557
    shallow_since: 1544596207 -0700
    type: git
    url: https://github.com/ros-visualization/rqt_top.git
    version: 1.0.0
  ros/class_loader:
    hash: 88f52836487bcedb3013b983668116f17f6b2ed5
    shallow_since: 1584105098 -0400
    type: git
    url: https://github.com/ros/class_loader.git
    version: 1.3.3
  ros/pluginlib:
    hash: 2bdfd294699dc1a71116a3789a9843c9ea388560
    shallow_since: 1571344601 -0400
    type: git
    url: https://github.com/ros/pluginlib.git
    version: 2.3.3
  ros/resource_retriever:
    hash: 77f122028870de8f1470f690618c349840998b44
    shallow_since: 1594440619 -0400
    type: git
    url: https://github.com/ros/resource_retriever.git
    version: 2.1.3
  ros/ros_environment:
    hash: ba03418988d8af35019573a5e58c44afb2de76a2
    shallow_since: 1554993149 -0700
    type: git
    url: https://github.com/ros/ros_environment.git
    version: 2.3.0
  ros/ros_tutorials:
    hash: e85388de40a53a22f5056d878b525b06fc173a1e
    shallow_since: 1596642207 -0700
    type: git
    url: https://github.com/ros/ros_tutorials.git
    version: 1.0.3
  ros/urdfdom_headers:
    hash: 00c1c9c231e46b2300d04073ad696521758fa45c
    shallow_since: 1558394923 -0700
    type: git
    url: https://github.com/ros/urdfdom_headers.git
    version: 1.0.4
  ros2/ament_cmake_ros:
    hash: 070c7265354dc11ab04faac3b5ec7bb175b9e5d6
    shallow_since: 1555010761 -0700
    type: git
    url: https://github.com/ros2/ament_cmake_ros.git
    version: 0.7.0
  ros2/common_interfaces:
    hash: 30dbc60b45e22f2c88a4c46493388fdad3916845
    shallow_since: 1621610616 -0700
    type: git
    url: https://github.com/ros2/common_interfaces.git
    version: 0.7.1
  ros2/console_bridge_vendor:
    hash: d3be808a1b77028a152a8ee5aa56346ce32db987
    shallow_since: 1555013045 -0700
    type: git
    url: https://github.com/ros2/console_bridge_vendor.git
    version: 1.2.0
  ros2/demos:
    hash: c9e55acba6eaf377ccacce844853fd9eb20d1113
    shallow_since: 1570830190 -0700
    type: git
    url: https://github.com/ros2/demos.git
    version: 0.7.9
  ros2/eigen3_cmake_module:
    hash: 526c6c745da360fe78fb727aa8a1f6daa8199abd
    shallow_since: 1565307940 -0700
    type: git
    url: https://github.com/ros2/eigen3_cmake_module.git
    version: 0.1.1
  ros2/example_interfaces:
    hash: 5b118347114931620533aba142939b6a1db200bc
    shallow_since: 1559174767 -0700
    type: git
    url: https://github.com/ros2/example_interfaces.git
    version: 0.7.1
  ros2/examples:
    hash: 166c8294ab99417efde85c96783ff46ac2ac41af
    shallow_since: 1606266810 -0800
    type: git
    url: https://github.com/ros2/examples.git
    version: 0.7.5
  ros2/geometry2:
    hash: 2b639fa57c802386a40b0449cdb5c7ce1e5a62bb
    shallow_since: 1576000145 -0600
    type: git
    url: https://github.com/ros2/geometry2.git
    version: 0.11.6
  ros2/kdl_parser:
    hash: b3e9446f4af182fb499a07798a8b85de53677da7
    shallow_since: 1595362350 -0500
    type: git
    url: https://github.com/ros/kdl_parser.git
    version: 2.2.1
  ros2/launch:
    hash: 36a381026aacb586eaee2d0ba465414fd05a4cba
    shallow_since: 1570831179 -0700
    type: git
    url: https://github.com/ros2/launch.git
    version: 0.8.7
  ros2/launch_ros:
    hash: ab5db2fba3adc279d632c601ce7772aa78232852
    shallow_since: 1621611868 -0700
    type: git
    url: https://github.com/ros2/launch_ros.git
    version: 0.8.10
  ros2/libyaml_vendor:
    hash: c69f385ebb8c971b9bdd2a87fc983c5a12b12811
    shallow_since: 1529963667 -0700
    type: git
    url: https://github.com/ros2/libyaml_vendor.git
    version: 1.0.0
  ros2/message_filters:
    hash: 3d83c63fdcaf9263a5048a36e0573cc1cae11ed0
    shallow_since: 1575565019 -0500
    type: git
    url: https://github.com/ros2/message_filters.git
    version: 3.1.3
  ros2/orocos_kinematics_dynamics:
    hash: 65a38d304bc1d820160b263fe831aa17e0067a37
    shallow_since: 1594440803 -0400
    type: git
    url: https://github.com/ros2/orocos_kinematics_dynamics.git
    version: 3.2.2
  ros2/poco_vendor:
    hash: 6610e1fb283f566047077e25f34d55040f592900
    shallow_since: 1606249257 -0800
    type: git
    url: https://github.com/ros2/poco_vendor.git
    version: 1.2.1
  ros2/rcl:
    hash: f28fd0d5ee8e13a4955dbe84bd336eeee7e2be5d
    shallow_since: 1621608437 -0700
    type: git
    url: https://github.com/ros2/rcl.git
    version: 0.7.10
  ros2/rcl_interfaces:
    hash: bfa9c43dd7d8cfc5c6fcba8a164d8ef317a386d7
    shallow_since: 1559174983 -0700
    type: git
    url: https://github.com/ros2/rcl_interfaces.git
    version: 0.7.4
  ros2/rcl_logging:
    hash: 6b1880038fed2893557c931a202c16b974637e42
    shallow_since: 1557360130 -0500
    type: git
    url: https://github.com/ros2/rcl_logging.git
    version: 0.2.1
  ros2/rclcpp:
    hash: 403aac966271132feadffca93dcfb24f6ab90efb
    shallow_since: 1621608557 -0700
    type: git
    url: https://github.com/ros2/rclcpp.git
    version: 0.7.16
  ros2/rclpy:
    hash: 17576a7cc760bb3a0d04aa31832263766938a943
    shallow_since: 1594440478 -0400
    type: git
    url: https://github.com/ros2/rclpy.git
    version: 0.7.11
  ros2/rcpputils:
    hash: f8e638eb72bfbacea18ca1cf67c4f7d48561d9b2
    shallow_since: 1564532092 -0700
    type: git
    url: https://github.com/ros2/rcpputils.git
    version: 0.1.1
  ros2/rcutils:
    hash: f868e5cb0eaeb9ae9fc984f6783922f375411007
    shallow_since: 1606260966 -0800
    type: git
    url: https://github.com/ros2/rcutils.git
    version: 0.7.6
  ros2/realtime_support:
    hash: d9c7f16613d1a5a848df1beff71531d61269fd19
    shallow_since: 1557363033 -0700
    type: git
    url: https://github.com/ros2/realtime_support.git
    version: 0.7.1
  ros2/rmw:
    hash: 8652949435267cdf0fd65368f621146dea9a85eb
    shallow_since: 1560370615 +0000
    type: git
    url: https://github.com/ros2/rmw.git
    version: 0.7.2
  ros2/rmw_connext:
    hash: ecb25fd543140f91e05d92720c34db1e3cb16b72
    shallow_since: 1606260513 -0800
    type: git
    url: https://github.com/ros2/rmw_connext.git
    version: 0.7.6
  ros2/rmw_cyclonedds:
    hash: 10b042d490e13ce0faf4971f92862c687cbe28f5
    shallow_since: 1600186908 -0500
    type: git
    url: https://github.com/ros2/rmw_cyclonedds.git
    version: de-0.7.0
  ros2/rmw_fastrtps:
    hash: 32a121a8c8d28cfe811d5179dd8bb1a75c48446b
    shallow_since: 1606260572 -0800
    type: git
    url: https://github.com/ros2/rmw_fastrtps.git
    version: 0.7.8
  ros2/rmw_implementation:
    hash: 9e3db8cf64e001a7ca8d20384ec32196f0a4d3cb
    shallow_since: 1576015315 -0500
    type: git
    url: https://github.com/ros2/rmw_implementation.git
    version: 0.7.2
  ros2/rmw_opensplice:
    hash: 824cfa4eec27be2d3fe14607e33d3b879cf7361c
    shallow_since: 1564620663 -0700
    type: git
    url: https://github.com/ros2/rmw_opensplice.git
    version: 0.7.3
  ros2/robot_state_publisher:
    hash: 64b5186fa6cbb694881ffe095f20fdb2cf324893
    shallow_since: 1575470809 -0800
    type: git
    url: https://github.com/ros/robot_state_publisher.git
    version: 2.2.5
  ros2/ros1_bridge:
    hash: 4677180c266bacb42dae6d606696efcf884928fd
    shallow_since: 1621613690 -0700
    type: git
    url: https://github.com/ros2/ros1_bridge.git
    version: 0.7.9
  ros2/ros2cli:
    hash: 8ff79e6cfc88a8d973c854a6709404eed6db47e0
    shallow_since: 1594441053 -0400
    type: git
    url: https://github.com/ros2/ros2cli.git
    version: 0.7.11
  ros2/ros_testing:
    hash: 87bef75b05c5e63e55e469e9560ad40f02c5bf2f
    shallow_since: 1571099941 -0400
    type: git
    url: https://github.com/ros2/ros_testing.git
    version: 0.1.1
  ros2/rosbag2:
    hash: 17581ca8430fb4e5d1611dde5e5ab161608b876b
    shallow_since: 1571244036 -0700
    type: git
    url: https://github.com/ros2/rosbag2.git
    version: 0.1.8
  ros2/rosidl:
    hash: 407b652ac8ca23beea2f1f24575dd57f0c9b4401
    shallow_since: 1606259638 -0800
    type: git
    url: https://github.com/ros2/rosidl.git
    version: 0.7.10
  ros2/rosidl_dds:
    hash: e88b1d0e62a2dca0788142cf1fb266a3a3c3d7dc
    shallow_since: 1557357026 -0500
    type: git
    url: https://github.com/ros2/rosidl_dds.git
    version: 0.7.1
  ros2/rosidl_defaults:
    hash: 926ce4d8f460fd8d7bb8c25544c2ebe294e691c1
    shallow_since: 1555243629 -0700
    type: git
    url: https://github.com/ros2/rosidl_defaults.git
    version: 0.7.0
  ros2/rosidl_python:
    hash: cbeb677f0afe54d2b5215ded894a27a80b6f7111
    shallow_since: 1606260003 -0800
    type: git
    url: https://github.com/ros2/rosidl_python.git
    version: 0.7.11
  ros2/rosidl_typesupport:
    hash: 38eb801f1f856a503676bb79875786b3a3b6d92d
    shallow_since: 1557357026 -0700
    type: git
    url: https://github.com/ros2/rosidl_typesupport.git
    version: 0.7.1
  ros2/rosidl_typesupport_connext:
    hash: 852ac9a3da81e07befc4718414ca220930c39b93
    shallow_since: 1575569008 -0800
    type: git
    url: https://github.com/ros2/rosidl_typesupport_connext.git
    version: 0.7.3
  ros2/rosidl_typesupport_fastrtps:
    hash: 1482ec5a129d0a28a882df9335b85ec10a961c98
    shallow_since: 1606249600 -0800
    type: git
    url: https://github.com/ros2/rosidl_typesupport_fastrtps.git
    version: 0.7.2
  ros2/rosidl_typesupport_opensplice:
    hash: 4ad5520055199ed3b011834575db16a08c599070
    shallow_since: 1567520741 +0000
    type: git
    url: https://github.com/ros2/rosidl_typesupport_opensplice.git
    version: 0.7.3
  ros2/rviz:
    hash: 693da2000dce463e4ddfc95caf9a30e2d4f24790
    shallow_since: 1621612242 -0700
    type: git
    url: https://github.com/ros2/rviz.git
    version: 6.1.8
  ros2/sros2:
    hash: f2ef72ad51cbe6c1254a7cf21ab12dc6b021356d
    shallow_since: 1592379751 +0200
    type: git
    url: https://github.com/ros2/sros2.git
    version: 0.7.2
  ros2/system_tests:
    hash: 0481d6bef4474b69afa45cc7ad3bd999e7fe6441
    shallow_since: 1564619935 -0700
    type: git
    url: https://github.com/ros2/system_tests.git
    version: 0.7.2
  ros2/test_interface_files:
    hash: a5dc898842fa23f3635298f140e97081a086d3e4
    shallow_since: 1559172037 -0700
    type: git
    url: https://github.com/ros2/test_interface_files.git
    version: 0.7.1
  ros2/tinydir_vendor:
    hash: 607fa785024557a756e60eae21b4dc9706136f81
    shallow_since: 1555254620 -0700
    type: git
    url: https://github.com/ros2/tinydir_vendor.git
    version: 1.1.0
  ros2/tinyxml2_vendor:
    hash: d0097aa9a8c2aa5990773dd81eb8b20d13d9fcf0
    shallow_since: 1547593812 -0800
    type: git
    url: https://github.com/ros2/tinyxml2_vendor.git
    version: 0.6.1
  ros2/tinyxml_vendor:
    hash: 3caa00bc33a5462e91eb5d44486ca3be4feaf62d
    shallow_since: 1554995391 -0700
    type: git
    url: https://github.com/ros2/tinyxml_vendor.git
    version: 0.7.0
  ros2/tlsf:
    hash: 1c4a13c3f76f79ce9f2a049a8b01cafbff775d4d
    shallow_since: 1529976968 +0000
    type: git
    url: https://github.com/ros2/tlsf.git
    version: 0.5.0
  ros2/unique_identifier_msgs:
    hash: 56c6f47aec363d47c66add1bb597db6cdaffc5d0
    shallow_since: 1587859523 -0700
    type: git
    url: https://github.com/ros2/unique_identifier_msgs.git
    version: 2.1.1
  ros2/urdf:
    hash: 9704679cf21e5b233df420f0cfb6dffab1741c42
    shallow_since: 1542738402 -0800
    type: git
    url: https://github.com/ros2/urdf.git
    version: 2.2.0
  ros2/urdfdom:
    hash: c7564771beb260fa7adaa7d584029811c40def1d
    shallow_since: 1555252035 -0700
    type: git
    url: https://github.com/ros/urdfdom.git
    version: 2.2.0
  ros2/yaml_cpp_vendor:
    hash: de4aa5e463e0549f688164b2bce8a4258766c614
    shallow_since: 1557352789 -0500
    type: git
    url: https://github.com/ros2/yaml_cpp_vendor.git
    version: 6.0.1
