#
#   To update, call `bazel run //repos/config:repos_lock.update` with the right distro set in the WORKSPACE
#
repositories:
  ament/ament_cmake:
    hash: 571379977af23528fb805f812c0e20466e140fb1
    shallow_since: 1687452086 -0700
    type: git
    url: https://github.com/ament/ament_cmake.git
    version: 1.3.5
  ament/ament_index:
    hash: f019d6c40991799a13b18c9c3dcc583e3fde0381
    shallow_since: 1646168510 +0000
    type: git
    url: https://github.com/ament/ament_index.git
    version: 1.4.0
  ament/ament_lint:
    hash: 03609e90e76d9be745dfdf8846dd8ee1ba92f5ec
    shallow_since: 1695129776 +0000
    type: git
    url: https://github.com/ament/ament_lint.git
    version: 0.12.8
  ament/ament_package:
    hash: f8ea958fd02cff6f4192425e28566369c92b5e34
    shallow_since: 1642531281 -0800
    type: git
    url: https://github.com/ament/ament_package.git
    version: 0.14.0
  ament/google_benchmark_vendor:
    hash: d75f3a8897a8846064e00c3ac3be46db1f98d51e
    shallow_since: 1689716271 +0000
    type: git
    url: https://github.com/ament/google_benchmark_vendor.git
    version: 0.1.2
  ament/googletest:
    hash: 6df7425fdcbd368d2d1b99ffd89b9168014abb07
    shallow_since: 1642171980 -0800
    type: git
    url: https://github.com/ament/googletest.git
    version: 1.10.9004
  ament/uncrustify_vendor:
    hash: ec8f8b4d03483671e8ea2b3039f1015f92b0ef89
    shallow_since: 1648503100 +0000
    type: git
    url: https://github.com/ament/uncrustify_vendor.git
    version: 2.0.2
  eProsima/Fast-CDR:
    hash: da2987299ee3104bb0393cf0afc8aad6fb848dc1
    shallow_since: 1647345218 +0100
    type: git
    url: https://github.com/eProsima/Fast-CDR.git
    version: v1.0.24
  eProsima/Fast-DDS:
    hash: cffaa679ec8cd9c84b4d5b3fe1e3c22974d63be0
    shallow_since: 1691144938 +0200
    type: git
    url: https://github.com/eProsima/Fast-DDS.git
    version: v2.6.6
  eProsima/foonathan_memory_vendor:
    hash: e91681a25711c1811b2eaf2ba1e6996e0d9ecc84
    shallow_since: 1683727792 +0200
    type: git
    url: https://github.com/eProsima/foonathan_memory_vendor.git
    version: v1.3.1
  eclipse-cyclonedds/cyclonedds:
    hash: 63b6eab0e0660009eaf5e54d10509ea587ce199e
    shallow_since: 1679487279 +0100
    type: git
    url: https://github.com/eclipse-cyclonedds/cyclonedds.git
    version: 0.10.3
  eclipse-iceoryx/iceoryx:
    hash: 40ef24e9515940564af63987234d51dc7f02f6b3
    shallow_since: 1675094707 +0100
    type: git
    url: https://github.com/eclipse-iceoryx/iceoryx.git
    version: v2.0.3
  ignition/ignition_cmake2_vendor:
    hash: adcee1687a6f77bdc345702d7ce1f518e97a6a66
    shallow_since: 1648558265 +0000
    type: git
    url: https://github.com/ignition-release/ignition_cmake2_vendor.git
    version: 0.0.2
  ignition/ignition_math6_vendor:
    hash: 177e74c31767e60c5bd8167f9ec66017b8e8020b
    shallow_since: 1648558450 +0000
    type: git
    url: https://github.com/ignition-release/ignition_math6_vendor.git
    version: 0.0.2
  osrf/osrf_pycommon:
    hash: d70a3bd3c8aa23bc9c2fff267a5b12d674516646
    shallow_since: 1649454420 -0700
    type: git
    url: https://github.com/osrf/osrf_pycommon.git
    version: 2.0.2
  osrf/osrf_testing_tools_cpp:
    hash: ccfe94a685884155cb619896df1e71b8507c5c70
    shallow_since: 1667830580 -0600
    type: git
    url: https://github.com/osrf/osrf_testing_tools_cpp.git
    version: 1.5.2
  ros-perception/image_common:
    hash: 7ebae2f92257e1746fd9ec7787fb820a6f28d91a
    shallow_since: 1692024443 +0200
    type: git
    url: https://github.com/ros-perception/image_common.git
    version: 3.1.7
  ros-perception/laser_geometry:
    hash: ba53212e6908e6f4e022a1ae2fb3b5bb1388d1d0
    shallow_since: 1646168108 +0000
    type: git
    url: https://github.com/ros-perception/laser_geometry.git
    version: 2.4.0
  ros-planning/navigation_msgs:
    hash: 1d8683359734a2c829b5cdb6b5a4e015bbbcb6a5
    shallow_since: 1616703818 +0000
    type: git
    url: https://github.com/ros-planning/navigation_msgs.git
    version: 2.1.0
  ros-tooling/keyboard_handler:
    hash: a80cbfc93be6a545bb0892d1b5a408d2b5ef29b1
    shallow_since: 1667916008 -0500
    type: git
    url: https://github.com/ros-tooling/keyboard_handler.git
    version: 0.0.5
  ros-tooling/libstatistics_collector:
    hash: 6d473eb7533a3db385512d5721e3a46ceb06f96f
    shallow_since: 1677042096 -0800
    type: git
    url: https://github.com/ros-tooling/libstatistics_collector.git
    version: 1.3.1
  ros-visualization/interactive_markers:
    hash: b4e6a0df87cddba49d844f6798387faf8db2dd37
    shallow_since: 1649450982 +0000
    type: git
    url: https://github.com/ros-visualization/interactive_markers.git
    version: 2.3.2
  ros-visualization/python_qt_binding:
    hash: 89492df890f390d956b7f829811f29ccc7f1cd87
    shallow_since: 1638839032 -0800
    type: git
    url: https://github.com/ros-visualization/python_qt_binding.git
    version: 1.1.1
  ros-visualization/qt_gui_core:
    hash: 4a1010a702ea4b922a25b0b1cebc33904de88c0c
    shallow_since: 1660584395 +0000
    type: git
    url: https://github.com/ros-visualization/qt_gui_core.git
    version: 2.2.2
  ros-visualization/rqt:
    hash: d954ac6727f873a2c2e1b7f9e7cb1bd7642fc461
    shallow_since: 1682459372 +0000
    type: git
    url: https://github.com/ros-visualization/rqt.git
    version: 1.1.5
  ros-visualization/rqt_action:
    hash: 86e5c65a708b562f220cf6bafa7a3f10e075dad8
    shallow_since: 1642182537 -0800
    type: git
    url: https://github.com/ros-visualization/rqt_action.git
    version: 2.0.1
  ros-visualization/rqt_bag:
    hash: a860837d1a52459ed5a97674546faf526f175402
    shallow_since: 1667831876 -0600
    type: git
    url: https://github.com/ros-visualization/rqt_bag.git
    version: 1.1.4
  ros-visualization/rqt_console:
    hash: 3f2fd4e066562e8a9b630bcba5dee95a20fbdca9
    shallow_since: 1635300128 +0900
    type: git
    url: https://github.com/ros-visualization/rqt_console.git
    version: 2.0.2
  ros-visualization/rqt_graph:
    hash: e512cd7a246ca1032422c454bb103a5beb3cf4c1
    shallow_since: 1663109940 +0000
    type: git
    url: https://github.com/ros-visualization/rqt_graph.git
    version: 1.3.0
  ros-visualization/rqt_msg:
    hash: e73c05e6b4a2601a587231eacafad75e5fa07aa4
    shallow_since: 1663096424 -0700
    type: git
    url: https://github.com/ros-visualization/rqt_msg.git
    version: 1.2.0
  ros-visualization/rqt_plot:
    hash: d44f4a6b5ddb39d03ddc201dd202f1f8c324a262
    shallow_since: 1652231949 -0700
    type: git
    url: https://github.com/ros-visualization/rqt_plot.git
    version: 1.1.2
  ros-visualization/rqt_publisher:
    hash: db902c8dd75527dbc0e9e533b42f650a56dbe03e
    shallow_since: 1659477921 -0400
    type: git
    url: https://github.com/ros-visualization/rqt_publisher.git
    version: 1.5.0
  ros-visualization/rqt_py_console:
    hash: 36ad6e467f7add9279a4cd54d3e02ebcbd936d5b
    shallow_since: 1630451545 -0700
    type: git
    url: https://github.com/ros-visualization/rqt_py_console.git
    version: 1.0.2
  ros-visualization/rqt_reconfigure:
    hash: 3cdeeb3cb6bdf4931b8b49b87b6aa95c24e378ba
    shallow_since: 1663106666 +0000
    type: git
    url: https://github.com/ros-visualization/rqt_reconfigure.git
    version: 1.1.1
  ros-visualization/rqt_service_caller:
    hash: c9afeb84e9db4807c895e345294f2d521abf3859
    shallow_since: 1630451643 -0700
    type: git
    url: https://github.com/ros-visualization/rqt_service_caller.git
    version: 1.0.5
  ros-visualization/rqt_shell:
    hash: 50639b2252fc0d02bcc3361284b67baa44a87c3b
    shallow_since: 1630452741 -0700
    type: git
    url: https://github.com/ros-visualization/rqt_shell.git
    version: 1.0.2
  ros-visualization/rqt_srv:
    hash: 46e8e71560008857456525ad7977aa6bd87391d5
    shallow_since: 1630452880 -0700
    type: git
    url: https://github.com/ros-visualization/rqt_srv.git
    version: 1.0.3
  ros-visualization/rqt_topic:
    hash: 19141d759cfa35515182677f9d4e60a898e86c74
    shallow_since: 1663095690 -0700
    type: git
    url: https://github.com/ros-visualization/rqt_topic.git
    version: 1.5.0
  ros-visualization/tango_icons_vendor:
    hash: 6829ad2201c6b42973edcfc9f5755b8b9f5b67ff
    shallow_since: 1649249706 +0000
    type: git
    url: https://github.com/ros-visualization/tango_icons_vendor.git
    version: 0.1.1
  ros/class_loader:
    hash: b59bce93380b73ac9061fba28e96bba540e2befe
    shallow_since: 1642184223 -0800
    type: git
    url: https://github.com/ros/class_loader.git
    version: 2.2.0
  ros/kdl_parser:
    hash: a4ad6b3c1dbf3730a579b250be81e4a74e838b94
    shallow_since: 1673360125 -0600
    type: git
    url: https://github.com/ros/kdl_parser.git
    version: 2.6.4
  ros/pluginlib:
    hash: fc2d015a594bb582c1143a9e2b8b8d9f6f8c75fc
    shallow_since: 1642186000 -0800
    type: git
    url: https://github.com/ros/pluginlib.git
    version: 5.1.0
  ros/resource_retriever:
    hash: 6c82181f7c0c893f50dbacdafe51bc83b9a56803
    shallow_since: 1673360221 -0600
    type: git
    url: https://github.com/ros/resource_retriever.git
    version: 3.1.1
  ros/robot_state_publisher:
    hash: 6e11ed88d24a63a00472c000075f568f270334ed
    shallow_since: 1649194244 -0700
    type: git
    url: https://github.com/ros/robot_state_publisher.git
    version: 3.0.2
  ros/ros_environment:
    hash: cf4d7c2b770fec588e8d35de09e12d5bfd056067
    shallow_since: 1667832063 -0600
    type: git
    url: https://github.com/ros/ros_environment.git
    version: 3.2.2
  ros/ros_tutorials:
    hash: ba29c3f376197e3736f497639299f855cbf73390
    shallow_since: 1652796435 -0400
    type: git
    url: https://github.com/ros/ros_tutorials.git
    version: 1.4.2
  ros/urdfdom:
    hash: dbecca095cf81b755991b4d785f87a8e6b7358d6
    shallow_since: 1648511537 -0700
    type: git
    url: https://github.com/ros/urdfdom.git
    version: 3.0.2
  ros/urdfdom_headers:
    hash: d3643d2acd8567c6522ceaf7ded6e3c3755a5244
    shallow_since: 1648511357 -0700
    type: git
    url: https://github.com/ros/urdfdom_headers.git
    version: 1.0.6
  ros2/ament_cmake_ros:
    hash: 60572fa1bec50b9e6fbe64e1b23640d21c15e9d0
    shallow_since: 1642109880 -0800
    type: git
    url: https://github.com/ros2/ament_cmake_ros.git
    version: 0.10.0
  ros2/common_interfaces:
    hash: f4eac72f0bbd70f7955a5f709d4a6705eb6ca7e8
    shallow_since: 1673281597 -0600
    type: git
    url: https://github.com/ros2/common_interfaces.git
    version: 4.2.3
  ros2/console_bridge_vendor:
    hash: d445245912786a7a03216e9d47f102e1997320f2
    shallow_since: 1673357965 -0600
    type: git
    url: https://github.com/ros2/console_bridge_vendor.git
    version: 1.4.1
  ros2/demos:
    hash: f258b8182c7ad680c8cceba38eac72e01fdb0a3c
    shallow_since: 1673358561 -0600
    type: git
    url: https://github.com/ros2/demos.git
    version: 0.20.3
  ros2/eigen3_cmake_module:
    hash: 526c6c745da360fe78fb727aa8a1f6daa8199abd
    shallow_since: 1565307940 -0700
    type: git
    url: https://github.com/ros2/eigen3_cmake_module.git
    version: 0.1.1
  ros2/example_interfaces:
    hash: f8deb566a1facf91bd38b9f00c4cf684c5007d85
    shallow_since: 1649249608 +0000
    type: git
    url: https://github.com/ros2/example_interfaces.git
    version: 0.9.3
  ros2/examples:
    hash: fac7da74281cbe6912e74aa78db633945b9ed930
    shallow_since: 1667832202 -0600
    type: git
    url: https://github.com/ros2/examples.git
    version: 0.15.1
  ros2/geometry2:
    hash: a73160df358c52d1f506fce21f15f8243e9b87f4
    shallow_since: 1695130569 +0000
    type: git
    url: https://github.com/ros2/geometry2.git
    version: 0.25.4
  ros2/launch:
    hash: aed025e04e0b143362c69bf29a67b2ffff4c59ee
    shallow_since: 1673358862 -0600
    type: git
    url: https://github.com/ros2/launch.git
    version: 1.0.4
  ros2/launch_ros:
    hash: 2bf4e6057dea57669c19395f6f39d390bd420ee7
    shallow_since: 1695130640 +0000
    type: git
    url: https://github.com/ros2/launch_ros.git
    version: 0.19.6
  ros2/libyaml_vendor:
    hash: 239f695ceaa0820255f3d0fe02ec8c2bd41b8e78
    shallow_since: 1648732255 +0000
    type: git
    url: https://github.com/ros2/libyaml_vendor.git
    version: 1.2.2
  ros2/message_filters:
    hash: bb405b0d55646fbcb6acf7c2d42911d0efb11415
    shallow_since: 1682458765 +0000
    type: git
    url: https://github.com/ros2/message_filters.git
    version: 4.3.3
  ros2/mimick_vendor:
    hash: 39ec45b347721c8c90c0e31450e91c00fb0ec856
    shallow_since: 1648188875 +0000
    type: git
    url: https://github.com/ros2/mimick_vendor.git
    version: 0.2.8
  ros2/orocos_kdl_vendor:
    hash: d390ba45a77d8d49746a784d10a88cb77e86f703
    shallow_since: 1674245380 -0600
    type: git
    url: https://github.com/ros2/orocos_kdl_vendor.git
    version: 0.2.5
  ros2/performance_test_fixture:
    hash: afb01872d0c03e31cd4fda04e91af8e5548de0a3
    shallow_since: 1658776414 -0700
    type: git
    url: https://github.com/ros2/performance_test_fixture.git
    version: 0.0.9
  ros2/pybind11_vendor:
    hash: 06dff083cdef3381c1d1d16159ac19227f646ad9
    shallow_since: 1670369976 -0800
    type: git
    url: https://github.com/ros2/pybind11_vendor.git
    version: 2.4.2
  ros2/python_cmake_module:
    hash: 859115408416e77d37711912d5c36cd3147fe136
    shallow_since: 1646164088 +0000
    type: git
    url: https://github.com/ros2/python_cmake_module.git
    version: 0.10.0
  ros2/rcl:
    hash: 3804c35f6dd31d5ac54a1acb426bff253cce8272
    shallow_since: 1695130701 +0000
    type: git
    url: https://github.com/ros2/rcl.git
    version: 5.3.5
  ros2/rcl_interfaces:
    hash: 5e01a28f9866a564491480e12d8659a134678741
    shallow_since: 1667833699 -0600
    type: git
    url: https://github.com/ros2/rcl_interfaces.git
    version: 1.2.1
  ros2/rcl_logging:
    hash: 1b7a4e34884005f28eeb04065b5d94565c67b11d
    shallow_since: 1667833800 -0600
    type: git
    url: https://github.com/ros2/rcl_logging.git
    version: 2.3.1
  ros2/rclcpp:
    hash: 0f6b5449f66f131735a423be4a84d6f14751d3b2
    shallow_since: 1695130763 +0000
    type: git
    url: https://github.com/ros2/rclcpp.git
    version: 16.0.6
  ros2/rclpy:
    hash: 242f78a3d856ed1552a56d1e06713553e9d65fdf
    shallow_since: 1695130817 +0000
    type: git
    url: https://github.com/ros2/rclpy.git
    version: 3.3.10
  ros2/rcpputils:
    hash: 3eb281afdc891855b5feb367c79ede1e2fbb0acb
    shallow_since: 1682457603 +0000
    type: git
    url: https://github.com/ros2/rcpputils.git
    version: 2.4.1
  ros2/rcutils:
    hash: 2d9d74e72ecd1eea240412be3dacd413dcb5f680
    shallow_since: 1682457695 +0000
    type: git
    url: https://github.com/ros2/rcutils.git
    version: 5.1.3
  ros2/realtime_support:
    hash: 0e3faef4b7aa7985726dba97c761a6783f62a958
    shallow_since: 1646162410 +0000
    type: git
    url: https://github.com/ros2/realtime_support.git
    version: 0.13.0
  ros2/rmw:
    hash: 2a4ee718d0da004d5629f50afd2896fbd1f4aedd
    shallow_since: 1667834517 -0600
    type: git
    url: https://github.com/ros2/rmw.git
    version: 6.1.1
  ros2/rmw_connextdds:
    hash: 94bde7556d069bee8f9540171a9b87593c3be51e
    shallow_since: 1689700540 +0000
    type: git
    url: https://github.com/ros2/rmw_connextdds.git
    version: 0.11.2
  ros2/rmw_cyclonedds:
    hash: 7cb3b38a21e14fbcc84aadcc460e4d812d0c7a7f
    shallow_since: 1667834582 -0600
    type: git
    url: https://github.com/ros2/rmw_cyclonedds.git
    version: 1.3.4
  ros2/rmw_dds_common:
    hash: e26ba1079886c5598614172db0b27526aa6af07d
    shallow_since: 1648761511 +0000
    type: git
    url: https://github.com/ros2/rmw_dds_common.git
    version: 1.6.0
  ros2/rmw_fastrtps:
    hash: 4b0f30f15fad0e1a9824db0bf54dbbaa5085fa5d
    shallow_since: 1695130886 +0000
    type: git
    url: https://github.com/ros2/rmw_fastrtps.git
    version: 6.2.4
  ros2/rmw_implementation:
    hash: 413eb313f7e128c6977cd453818e1a39bf70da40
    shallow_since: 1673359327 -0600
    type: git
    url: https://github.com/ros2/rmw_implementation.git
    version: 2.8.2
  ros2/ros2_tracing:
    hash: 548634dd2837d65c043436c8186614e924be5c6c
    shallow_since: 1667834775 -0600
    type: git
    url: https://github.com/ros2/ros2_tracing.git
    version: 4.1.1
  ros2/ros2cli:
    hash: 38d4fa97fa8091e211e190d70e9fa0b0e817689d
    shallow_since: 1689700836 +0000
    type: git
    url: https://github.com/ros2/ros2cli.git
    version: 0.18.7
  ros2/ros2cli_common_extensions:
    hash: 4f2d47f4417475c5036c9930b5d348a5e0774007
    shallow_since: 1616076624 +0000
    type: git
    url: https://github.com/ros2/ros2cli_common_extensions.git
    version: 0.1.1
  ros2/ros_testing:
    hash: d258cbca54a5e6fbbf7be38ddd78592273ccee78
    shallow_since: 1642109145 -0800
    type: git
    url: https://github.com/ros2/ros_testing.git
    version: 0.4.0
  ros2/rosbag2:
    hash: 0b4deb3311ed8397410d84b462a86b2d1c9db153
    shallow_since: 1695151794 -0500
    type: git
    url: https://github.com/ros2/rosbag2.git
    version: 0.15.8
  ros2/rosidl:
    hash: cf3b637605c8c1dc0b1266ca0090963e9186c7dd
    shallow_since: 1689702714 +0000
    type: git
    url: https://github.com/ros2/rosidl.git
    version: 3.1.5
  ros2/rosidl_dds:
    hash: ab8497770c652edb40d6b1591118198cbcf14237
    shallow_since: 1648665003 -0700
    type: git
    url: https://github.com/ros2/rosidl_dds.git
    version: 0.8.1
  ros2/rosidl_defaults:
    hash: 1f1ee2a6169837b10302ffb2a52fb2f2a57239b2
    shallow_since: 1648762308 +0000
    type: git
    url: https://github.com/ros2/rosidl_defaults.git
    version: 1.2.0
  ros2/rosidl_python:
    hash: 2507d5dbc1aebe2254d9eac088f007dcaea2ff03
    shallow_since: 1667923359 +0000
    type: git
    url: https://github.com/ros2/rosidl_python.git
    version: 0.14.4
  ros2/rosidl_runtime_py:
    hash: 02b91d6f9acbfe3dbfa4feb34bd7c30e219aa178
    shallow_since: 1667835469 -0600
    type: git
    url: https://github.com/ros2/rosidl_runtime_py.git
    version: 0.9.3
  ros2/rosidl_typesupport:
    hash: aa522c4bf1a1b6c10766b84ca6625a8c494c0928
    shallow_since: 1689702809 +0000
    type: git
    url: https://github.com/ros2/rosidl_typesupport.git
    version: 2.0.1
  ros2/rosidl_typesupport_fastrtps:
    hash: c1c132960f466db26020c01913a7827695fc15af
    shallow_since: 1689702902 +0000
    type: git
    url: https://github.com/ros2/rosidl_typesupport_fastrtps.git
    version: 2.2.1
  ros2/rpyutils:
    hash: 4cb9e1b5c1c4c585694196377ab918e7e70639f0
    shallow_since: 1646159541 +0000
    type: git
    url: https://github.com/ros2/rpyutils.git
    version: 0.2.1
  ros2/rviz:
    hash: 6ecfcecf5bd14ce77e1c3078a65b736c9cac00b6
    shallow_since: 1695131351 +0000
    type: git
    url: https://github.com/ros2/rviz.git
    version: 11.2.8
  ros2/spdlog_vendor:
    hash: 2de3e7f6ee157a7e3a2dd24f33046f6d25c099be
    shallow_since: 1673359578 -0600
    type: git
    url: https://github.com/ros2/spdlog_vendor.git
    version: 1.3.1
  ros2/sros2:
    hash: bb3859098f123c65f8cfc90f45e21502be521d48
    shallow_since: 1649450801 +0000
    type: git
    url: https://github.com/ros2/sros2.git
    version: 0.10.4
  ros2/system_tests:
    hash: 83a4e481624a6d171104fe4c89d2fb56da91ab6d
    shallow_since: 1649180453 +0000
    type: git
    url: https://github.com/ros2/system_tests.git
    version: 0.12.3
  ros2/test_interface_files:
    hash: a0c8f5e338490ddf8b98238dce35c06810115e8b
    shallow_since: 1649179981 +0000
    type: git
    url: https://github.com/ros2/test_interface_files.git
    version: 0.9.1
  ros2/tinyxml2_vendor:
    hash: 4ec721bf7f6adaa604db28e6ef1ae4beb205a773
    shallow_since: 1649179758 +0000
    type: git
    url: https://github.com/ros2/tinyxml2_vendor.git
    version: 0.7.5
  ros2/tinyxml_vendor:
    hash: b226bdf9a7dbdcf9ac47961e09f3d730525c1667
    shallow_since: 1649179658 +0000
    type: git
    url: https://github.com/ros2/tinyxml_vendor.git
    version: 0.8.3
  ros2/tlsf:
    hash: d39351de61894a8b4ce65a682ea3593628a9a179
    shallow_since: 1646157096 +0000
    type: git
    url: https://github.com/ros2/tlsf.git
    version: 0.7.0
  ros2/unique_identifier_msgs:
    hash: 27767cefcf8a80da44641dc208c57722c28aa11c
    shallow_since: 1617715220 +0000
    type: git
    url: https://github.com/ros2/unique_identifier_msgs.git
    version: 2.2.1
  ros2/urdf:
    hash: 3fa99149d8300dcd90bfc05b58ce0fc0bceaae5d
    shallow_since: 1646156722 +0000
    type: git
    url: https://github.com/ros2/urdf.git
    version: 2.6.0
  ros2/yaml_cpp_vendor:
    hash: 77bebe7a90c0bc26df3137f15bad4a9712f9b74e
    shallow_since: 1673359652 -0600
    type: git
    url: https://github.com/ros2/yaml_cpp_vendor.git
    version: 8.0.2
