#
#   To update, call `bazel run //repos/config:repos_lock.update` with the right distro set in the WORKSPACE
#
repositories:
  ament/ament_cmake:
    hash: 66de46c160e289ec8ac2f31407803ae56a271087
    shallow_since: 1685148721 +0000
    type: git
    url: https://github.com/ament/ament_cmake.git
    version: 0.9.12
  ament/ament_index:
    hash: 07492c3ada0f835464ef55178080f3df93c22292
    shallow_since: 1625088023 -0700
    type: git
    url: https://github.com/ament/ament_index.git
    version: 1.1.0
  ament/ament_lint:
    hash: 87f826b8f5c63b35d4d80c8f1520e35560326762
    shallow_since: 1678107663 +0000
    type: git
    url: https://github.com/ament/ament_lint.git
    version: 0.9.8
  ament/ament_package:
    hash: 3397bb0ae1cc93d93e1e27da31c0bcb0f4fe0f46
    shallow_since: 1619069192 -0700
    type: git
    url: https://github.com/ament/ament_package.git
    version: 0.9.5
  ament/google_benchmark_vendor:
    hash: 5f7ea6709618af640499b717f66899a33798390c
    shallow_since: 1600189262 -0700
    type: git
    url: https://github.com/ament/google_benchmark_vendor.git
    version: 0.0.3
  ament/googletest:
    hash: 7c20e2597a2d1503cf9afa159206ab8e9b233830
    shallow_since: 1630440154 -0700
    type: git
    url: https://github.com/ament/googletest.git
    version: 1.8.9001
  ament/uncrustify_vendor:
    hash: 0291bc988c45846400aca50cb973bf04a4de3d56
    shallow_since: 1586541269 +0000
    type: git
    url: https://github.com/ament/uncrustify_vendor.git
    version: 1.4.0
  eProsima/Fast-CDR:
    hash: 174f6ff1d3a227c5c900a4587ee32fa888267f5e
    shallow_since: 1585310200 +0100
    type: git
    url: https://github.com/eProsima/Fast-CDR.git
    version: v1.0.13
  eProsima/Fast-DDS:
    hash: 680cb71c7f3a9fb4b7e348d7d68ee2dbf4dd6d8d
    shallow_since: 1674805970 +0100
    type: git
    url: https://github.com/eProsima/Fast-DDS.git
    version: v2.1.3
  eProsima/foonathan_memory_vendor:
    hash: da062db05975d24a4b53de5a4122b47f6824997f
    shallow_since: 1637848987 +0100
    type: git
    url: https://github.com/eProsima/foonathan_memory_vendor.git
    version: v1.2.0
  eclipse-cyclonedds/cyclonedds:
    hash: c261053186c455abc63ca5ac7d56c0808a59c364
    shallow_since: 1596471565 +0200
    type: git
    url: https://github.com/eclipse-cyclonedds/cyclonedds.git
    version: 0.7.0
  osrf/osrf_pycommon:
    hash: cbf70da8ada598f81bd86cdc0654b66f44d88d49
    shallow_since: 1630447467 -0700
    type: git
    url: https://github.com/osrf/osrf_pycommon.git
    version: 0.1.11
  osrf/osrf_testing_tools_cpp:
    hash: 1798d936e48b945d07d1c3209573f7c6de6137d0
    shallow_since: 1630448207 -0700
    type: git
    url: https://github.com/osrf/osrf_testing_tools_cpp.git
    version: 1.3.4
  ros-perception/laser_geometry:
    hash: 2a94c2114832496852804f120559e545a90058e3
    shallow_since: 1588279117 +0000
    type: git
    url: https://github.com/ros-perception/laser_geometry.git
    version: 2.2.0
  ros-planning/navigation_msgs:
    hash: fe880e99d993e9d4dfbf37f00d839d32994610e1
    shallow_since: 1569867654 -0500
    type: git
    url: https://github.com/ros-planning/navigation_msgs.git
    version: 2.0.2
  ros-tooling/libstatistics_collector:
    hash: 28e3c4634dc106b1e5209a776e9a56325f16c84a
    shallow_since: 1678980793 -0400
    type: git
    url: https://github.com/ros-tooling/libstatistics_collector.git
    version: 1.0.2
  ros-visualization/interactive_markers:
    hash: 649aa3f5cfaea70847568bd6a679c67c797e0634
    shallow_since: 1607467079 -0800
    type: git
    url: https://github.com/ros-visualization/interactive_markers.git
    version: 2.1.3
  ros-visualization/python_qt_binding:
    hash: 7ff71b0bfd201cc1dbc328bcec42254dd55b523f
    shallow_since: 1611588397 +0000
    type: git
    url: https://github.com/ros-visualization/python_qt_binding.git
    version: 1.0.6
  ros-visualization/qt_gui_core:
    hash: c62463ce58a331511e74ed0d9b50551cfd0e6fca
    shallow_since: 1630449477 -0700
    type: git
    url: https://github.com/ros-visualization/qt_gui_core.git
    version: 1.1.3
  ros-visualization/rqt:
    hash: a545fbe3d36930f20e71c2df9bc318fa14dec392
    shallow_since: 1630449731 -0700
    type: git
    url: https://github.com/ros-visualization/rqt.git
    version: 1.1.2
  ros-visualization/rqt_action:
    hash: c4790fb653f37028a772ba51d524ba27f77899b0
    shallow_since: 1678960338 +0000
    type: git
    url: https://github.com/ros-visualization/rqt_action.git
    version: 1.0.2
  ros-visualization/rqt_console:
    hash: 0ee70d7f2912c75e840a925b666ed794fb41383f
    shallow_since: 1657920903 +0900
    type: git
    url: https://github.com/ros-visualization/rqt_console.git
    version: 1.1.2
  ros-visualization/rqt_graph:
    hash: e3495e424ba748605a5d08ebc35fb2b6a5a467b5
    shallow_since: 1643664354 -0800
    type: git
    url: https://github.com/ros-visualization/rqt_graph.git
    version: 1.1.3
  ros-visualization/rqt_msg:
    hash: 6aec29bdb3079f545279f267fe8c237de177de30
    shallow_since: 1678960359 +0000
    type: git
    url: https://github.com/ros-visualization/rqt_msg.git
    version: 1.1.1
  ros-visualization/rqt_plot:
    hash: d2e7329fd49cf72aa12ff7348dc2df2b93bb9fcb
    shallow_since: 1642183460 -0800
    type: git
    url: https://github.com/ros-visualization/rqt_plot.git
    version: 1.1.1
  ros-visualization/rqt_publisher:
    hash: b1f49f95a5aa7d07187deb5c5b0954a140e0020d
    shallow_since: 1659469749 -0400
    type: git
    url: https://github.com/ros-visualization/rqt_publisher.git
    version: 1.3.0
  ros-visualization/rqt_py_console:
    hash: 36ad6e467f7add9279a4cd54d3e02ebcbd936d5b
    shallow_since: 1630451545 -0700
    type: git
    url: https://github.com/ros-visualization/rqt_py_console.git
    version: 1.0.2
  ros-visualization/rqt_reconfigure:
    hash: 9c848b0e5ff583f1161a7ba39ec5ac1fe9075be9
    shallow_since: 1620652868 +0000
    type: git
    url: https://github.com/ros-visualization/rqt_reconfigure.git
    version: 1.0.8
  ros-visualization/rqt_service_caller:
    hash: c9afeb84e9db4807c895e345294f2d521abf3859
    shallow_since: 1630451643 -0700
    type: git
    url: https://github.com/ros-visualization/rqt_service_caller.git
    version: 1.0.5
  ros-visualization/rqt_shell:
    hash: 50639b2252fc0d02bcc3361284b67baa44a87c3b
    shallow_since: 1630452741 -0700
    type: git
    url: https://github.com/ros-visualization/rqt_shell.git
    version: 1.0.2
  ros-visualization/rqt_srv:
    hash: 46e8e71560008857456525ad7977aa6bd87391d5
    shallow_since: 1630452880 -0700
    type: git
    url: https://github.com/ros-visualization/rqt_srv.git
    version: 1.0.3
  ros-visualization/rqt_top:
    hash: 0862fef3e4982d714d352ae8cd78f928af48c3c2
    shallow_since: 1630453266 -0700
    type: git
    url: https://github.com/ros-visualization/rqt_top.git
    version: 1.0.2
  ros-visualization/rqt_topic:
    hash: 165c40154320ff613cc52e1375c6a48d30d548fd
    shallow_since: 1652229850 -0700
    type: git
    url: https://github.com/ros-visualization/rqt_topic.git
    version: 1.3.0
  ros-visualization/tango_icons_vendor:
    hash: b349608986293db04c9d05b09f05685312a15ae6
    shallow_since: 1619722112 +0000
    type: git
    url: https://github.com/ros-visualization/tango_icons_vendor.git
    version: 0.1.0
  ros/class_loader:
    hash: 58102cf049b20fcf361330ae7f400a89a530c23a
    shallow_since: 1658530578 -0700
    type: git
    url: https://github.com/ros/class_loader.git
    version: 2.0.3
  ros/kdl_parser:
    hash: 77d8ab5f6260283c1941e424e2100951c71d7892
    shallow_since: 1596836291 -0700
    type: git
    url: https://github.com/ros/kdl_parser.git
    version: 2.4.1
  ros/pluginlib:
    hash: df8ba5196fc0897e3ed9448437c32306f2708f5d
    shallow_since: 1643665148 -0800
    type: git
    url: https://github.com/ros/pluginlib.git
    version: 2.5.4
  ros/resource_retriever:
    hash: f20037d20a3a69c4f580a1f127b528884c3575ac
    shallow_since: 1607452438 -0800
    type: git
    url: https://github.com/ros/resource_retriever.git
    version: 2.3.4
  ros/robot_state_publisher:
    hash: a1346e963b04b2c452eccdcbf69c7b8f81db314d
    shallow_since: 1628083173 +0000
    type: git
    url: https://github.com/ros/robot_state_publisher.git
    version: 2.4.5
  ros/ros_environment:
    hash: acb84116c976fdd9441bdf5b22337b10bfec2b2a
    shallow_since: 1658530668 -0700
    type: git
    url: https://github.com/ros/ros_environment.git
    version: 2.5.1
  ros/ros_tutorials:
    hash: 2a2eba45652c62f907daec3338fcc36cdae90fb5
    shallow_since: 1658530772 -0700
    type: git
    url: https://github.com/ros/ros_tutorials.git
    version: 1.2.6
  ros/urdfdom:
    hash: 219c51f1aaec87f85ea696ef264d8f096cd39065
    shallow_since: 1601924035 +0000
    type: git
    url: https://github.com/ros/urdfdom.git
    version: 2.3.3
  ros/urdfdom_headers:
    hash: a15d906ff16a7fcbf037687b9c63b946c0cc04a1
    shallow_since: 1588962007 -0700
    type: git
    url: https://github.com/ros/urdfdom_headers.git
    version: 1.0.5
  ros2/ament_cmake_ros:
    hash: 7b6b599c3fc8023806db2a97b344e8610902adac
    shallow_since: 1620823254 +0000
    type: git
    url: https://github.com/ros2/ament_cmake_ros.git
    version: 0.9.2
  ros2/common_interfaces:
    hash: 6356bc82f3a034f5d2c61c6760df0007a6cadfb0
    shallow_since: 1640218063 +0000
    type: git
    url: https://github.com/ros2/common_interfaces.git
    version: 2.0.5
  ros2/console_bridge_vendor:
    hash: 86cb35321cf27f747ca07b3759ccacf5798dfd01
    shallow_since: 1618437921 -0700
    type: git
    url: https://github.com/ros2/console_bridge_vendor.git
    version: 1.2.4
  ros2/demos:
    hash: 1d01c8e3d06644c0d706ef83697a68efda7d0ad4
    shallow_since: 1658775204 -0700
    type: git
    url: https://github.com/ros2/demos.git
    version: 0.9.4
  ros2/eigen3_cmake_module:
    hash: 526c6c745da360fe78fb727aa8a1f6daa8199abd
    shallow_since: 1565307940 -0700
    type: git
    url: https://github.com/ros2/eigen3_cmake_module.git
    version: 0.1.1
  ros2/example_interfaces:
    hash: e3caaaf66bf664afc6c59d88a127f9c15597107e
    shallow_since: 1616077283 +0000
    type: git
    url: https://github.com/ros2/example_interfaces.git
    version: 0.9.1
  ros2/examples:
    hash: 355adf068fccd1b147acd89de62ad7d1bece9a78
    shallow_since: 1607453205 -0800
    type: git
    url: https://github.com/ros2/examples.git
    version: 0.9.4
  ros2/geometry2:
    hash: d1dc38b8a0e706fbd67a800a241fee950fce39f4
    shallow_since: 1678961741 +0000
    type: git
    url: https://github.com/ros2/geometry2.git
    version: 0.13.14
  ros2/launch:
    hash: acfe0766a72474872587eb38dfdc1b04a177763b
    shallow_since: 1665608331 -0700
    type: git
    url: https://github.com/ros2/launch.git
    version: 0.10.10
  ros2/launch_ros:
    hash: 68e2b620865a7bacc3bb4009ea607f96a5a9628e
    shallow_since: 1663027177 -0700
    type: git
    url: https://github.com/ros2/launch_ros.git
    version: 0.11.7
  ros2/libyaml_vendor:
    hash: 4d360d783b3018dfaed6d9ab9c736b720c109702
    shallow_since: 1618436898 -0700
    type: git
    url: https://github.com/ros2/libyaml_vendor.git
    version: 1.0.4
  ros2/message_filters:
    hash: 5042d46bee8d4e31f64fe5610c1c4c2401e62788
    shallow_since: 1686020953 +0000
    type: git
    url: https://github.com/ros2/message_filters.git
    version: 3.2.7
  ros2/mimick_vendor:
    hash: 1328d4fd261e5c1c22620bf60ac4292992f9df9d
    shallow_since: 1616098264 -0700
    type: git
    url: https://github.com/ros2/mimick_vendor.git
    version: 0.2.6
  ros2/orocos_kinematics_dynamics:
    hash: 76b0f4ea5ea4f4212dc9d2d38ffa913560f7d798
    shallow_since: 1678962243 +0000
    type: git
    url: https://github.com/ros2/orocos_kinematics_dynamics.git
    version: 3.3.5
  ros2/performance_test_fixture:
    hash: afb01872d0c03e31cd4fda04e91af8e5548de0a3
    shallow_since: 1658776414 -0700
    type: git
    url: https://github.com/ros2/performance_test_fixture.git
    version: 0.0.9
  ros2/python_cmake_module:
    hash: 45a2744285c7ba310bdc6aeda1aa7e33186dab4a
    shallow_since: 1616076958 +0000
    type: git
    url: https://github.com/ros2/python_cmake_module.git
    version: 0.8.1
  ros2/rcl:
    hash: 287ccd9ed06ff5bdded4dfb1130920d592a71bb7
    shallow_since: 1658776609 -0700
    type: git
    url: https://github.com/ros2/rcl.git
    version: 1.1.14
  ros2/rcl_interfaces:
    hash: 48cb91129051a494f3b4b097dccd6c921bb50552
    shallow_since: 1590522301 +0000
    type: git
    url: https://github.com/ros2/rcl_interfaces.git
    version: 1.0.0
  ros2/rcl_logging:
    hash: d22a6630f039bee97c6667394def926a5426a673
    shallow_since: 1618435530 -0700
    type: git
    url: https://github.com/ros2/rcl_logging.git
    version: 1.1.0
  ros2/rclcpp:
    hash: b0c25d5f22237d42e2cedad05dbb2e5cc31a3cf4
    shallow_since: 1685154213 +0000
    type: git
    url: https://github.com/ros2/rclcpp.git
    version: 2.4.3
  ros2/rclpy:
    hash: 8cf7680362cd9f84fbb2f882be004296316b9ddd
    shallow_since: 1685154247 +0000
    type: git
    url: https://github.com/ros2/rclpy.git
    version: 1.0.13
  ros2/rcpputils:
    hash: f4ce24de0b9b6b2c0c3807d6ce43418d4e1db331
    shallow_since: 1630457027 -0700
    type: git
    url: https://github.com/ros2/rcpputils.git
    version: 1.3.2
  ros2/rcutils:
    hash: 7cc5a47ee5d85d605d2291c1b04ac570a4c0faf6
    shallow_since: 1678961835 +0000
    type: git
    url: https://github.com/ros2/rcutils.git
    version: 1.1.5
  ros2/realtime_support:
    hash: 934621219b8421f52fdd9a980e3011131a6a2943
    shallow_since: 1588277808 +0000
    type: git
    url: https://github.com/ros2/realtime_support.git
    version: 0.9.0
  ros2/rmw:
    hash: 7fa45cb0d86fef00488e707b9ef37914d7ff0369
    shallow_since: 1678961864 +0000
    type: git
    url: https://github.com/ros2/rmw.git
    version: 1.0.4
  ros2/rmw_connext:
    hash: 86ba57ddad8d3a653a49c10b1bd736a226856b94
    shallow_since: 1607456760 -0800
    type: git
    url: https://github.com/ros2/rmw_connext.git
    version: 1.0.3
  ros2/rmw_cyclonedds:
    hash: c12abc56983204f1d91f2d839d394528c7b29b42
    shallow_since: 1663705274 -0700
    type: git
    url: https://github.com/ros2/rmw_cyclonedds.git
    version: 0.7.11
  ros2/rmw_dds_common:
    hash: 39d01cf8b174ffbd09e9601893f82390a770525a
    shallow_since: 1618434424 -0700
    type: git
    url: https://github.com/ros2/rmw_dds_common.git
    version: 1.0.3
  ros2/rmw_fastrtps:
    hash: 7da03b330655d0cdad08e60c7536e85526b62b12
    shallow_since: 1685154262 +0000
    type: git
    url: https://github.com/ros2/rmw_fastrtps.git
    version: 1.3.2
  ros2/rmw_implementation:
    hash: a21d275a56140977802a82373c8796d1f7fac636
    shallow_since: 1643666512 -0800
    type: git
    url: https://github.com/ros2/rmw_implementation.git
    version: 1.0.3
  ros2/ros1_bridge:
    hash: 689a932499befbd1ec3cb273a1054430e55a43c3
    shallow_since: 1685154274 +0000
    type: git
    url: https://github.com/ros2/ros1_bridge.git
    version: 0.9.7
  ros2/ros2_tracing:
    hash: f10fb2c13775fa0220833c5fa4ff82660640362a
    shallow_since: 1608651744 -0500
    type: git
    url: https://github.com/ros2/ros2_tracing.git
    version: 1.0.5
  ros2/ros2cli:
    hash: 26715cbb0948258d6f04b94c909d035c5130456a
    shallow_since: 1678961891 +0000
    type: git
    url: https://github.com/ros2/ros2cli.git
    version: 0.9.13
  ros2/ros2cli_common_extensions:
    hash: 4f2d47f4417475c5036c9930b5d348a5e0774007
    shallow_since: 1616076624 +0000
    type: git
    url: https://github.com/ros2/ros2cli_common_extensions.git
    version: 0.1.1
  ros2/ros_testing:
    hash: 45055af5100f981454f2c4c6f672e0e16fe0d0c3
    shallow_since: 1588232802 -0700
    type: git
    url: https://github.com/ros2/ros_testing.git
    version: 0.2.1
  ros2/rosbag2:
    hash: 77f5a51b4d5cd70ea6a78d53cffe964e3b9afaf7
    shallow_since: 1685547940 -0700
    type: git
    url: https://github.com/ros2/rosbag2.git
    version: 0.3.11
  ros2/rosidl:
    hash: 62bc7072d9078cfd7c63ebb1d12ca6e9732491b4
    shallow_since: 1685154334 +0000
    type: git
    url: https://github.com/ros2/rosidl.git
    version: 1.3.1
  ros2/rosidl_dds:
    hash: e88b1d0e62a2dca0788142cf1fb266a3a3c3d7dc
    shallow_since: 1557357026 -0500
    type: git
    url: https://github.com/ros2/rosidl_dds.git
    version: 0.7.1
  ros2/rosidl_defaults:
    hash: cbc7ffd38d98c5b15823fc62b0891d2264ae4472
    shallow_since: 1618433870 -0700
    type: git
    url: https://github.com/ros2/rosidl_defaults.git
    version: 1.0.1
  ros2/rosidl_python:
    hash: 6630bdf134b0d37e466c6d232e57e7de268be1b3
    shallow_since: 1678961921 +0000
    type: git
    url: https://github.com/ros2/rosidl_python.git
    version: 0.9.7
  ros2/rosidl_runtime_py:
    hash: 63a9c99ad735ef08b9cfda69ba35322b5f8b75f3
    shallow_since: 1616078071 +0000
    type: git
    url: https://github.com/ros2/rosidl_runtime_py.git
    version: 0.9.1
  ros2/rosidl_typesupport:
    hash: 08bec09e39f68a29ca15d8177f084118a47eaa92
    shallow_since: 1685154344 +0000
    type: git
    url: https://github.com/ros2/rosidl_typesupport.git
    version: 1.0.3
  ros2/rosidl_typesupport_connext:
    hash: 3cde17b7b5eeaa460e4593ce44f6dbf3ebcbfeef
    shallow_since: 1618433168 -0700
    type: git
    url: https://github.com/ros2/rosidl_typesupport_connext.git
    version: 1.0.3
  ros2/rosidl_typesupport_fastrtps:
    hash: 9741bc17dedbf6a4f3fed86c6d5bc30c1603d0f0
    shallow_since: 1630458352 -0700
    type: git
    url: https://github.com/ros2/rosidl_typesupport_fastrtps.git
    version: 1.0.4
  ros2/rpyutils:
    hash: 3e41fe4d71bc16f5a727a010f835fb49376b52b3
    shallow_since: 1599856543 -0700
    type: git
    url: https://github.com/ros2/rpyutils.git
    version: 0.2.0
  ros2/rviz:
    hash: 22179fc7a2fed72cd3f38e6712c62e2228a36001
    shallow_since: 1678961939 +0000
    type: git
    url: https://github.com/ros2/rviz.git
    version: 8.2.8
  ros2/spdlog_vendor:
    hash: 8eb6d4f2c64e7166596e4a57f7293b899ece34e0
    shallow_since: 1617908033 -0700
    type: git
    url: https://github.com/ros2/spdlog_vendor.git
    version: 1.1.3
  ros2/sros2:
    hash: f67f66ec39ae4dc35a58493f76558fba36d5d88d
    shallow_since: 1643667677 -0800
    type: git
    url: https://github.com/ros2/sros2.git
    version: 0.9.5
  ros2/system_tests:
    hash: ac07337c0b26b54b8c13403e7fce417132c1f359
    shallow_since: 1643667750 -0800
    type: git
    url: https://github.com/ros2/system_tests.git
    version: 0.9.2
  ros2/test_interface_files:
    hash: d0ee98f449c428fc2afa888b06fea48b87dc6645
    shallow_since: 1616075821 +0000
    type: git
    url: https://github.com/ros2/test_interface_files.git
    version: 0.8.1
  ros2/tinyxml2_vendor:
    hash: 2905a56d59f0e1de436d83a7035ab850a5a75c8f
    shallow_since: 1616075299 +0000
    type: git
    url: https://github.com/ros2/tinyxml2_vendor.git
    version: 0.7.4
  ros2/tinyxml_vendor:
    hash: 8d5ec29ca6ba2716006ad84553016cb03b237716
    shallow_since: 1616075138 +0000
    type: git
    url: https://github.com/ros2/tinyxml_vendor.git
    version: 0.8.2
  ros2/tlsf:
    hash: 1c4a13c3f76f79ce9f2a049a8b01cafbff775d4d
    shallow_since: 1529976968 +0000
    type: git
    url: https://github.com/ros2/tlsf.git
    version: 0.5.0
  ros2/unique_identifier_msgs:
    hash: 099923f53d58aa8eba2e1590523457f9d7f20eed
    shallow_since: 1617907574 -0700
    type: git
    url: https://github.com/ros2/unique_identifier_msgs.git
    version: 2.1.3
  ros2/urdf:
    hash: 533de85e9a4611fc42855b1d65d9f32cb42b0d6b
    shallow_since: 1590548494 -0700
    type: git
    url: https://github.com/ros2/urdf.git
    version: 2.4.0
  ros2/yaml_cpp_vendor:
    hash: 7c80af3b3178d645283bed0817c70af48ca97944
    shallow_since: 1663960122 -0700
    type: git
    url: https://github.com/ros2/yaml_cpp_vendor.git
    version: 7.0.3
